{
  "name": "322-uniswap-trading-bot",
  "version": "1.0.0",
  "lockfileVersion": 1,
  "requires": true,
  "dependencies": {
    "@ethersproject/abi": {
      "version": "5.0.13",
      "resolved": "https://registry.npmjs.org/@ethersproject/abi/-/abi-5.0.13.tgz",
      "integrity": "sha512-2coOH3D7ra1lwamKEH0HVc+Jbcsw5yfeCgmY8ekhCDualEiyyovD2qDcMBBcY3+kjoLHVTmo7ost6MNClxdOrg==",
      "requires": {
        "@ethersproject/address": "^5.0.9",
        "@ethersproject/bignumber": "^5.0.13",
        "@ethersproject/bytes": "^5.0.9",
        "@ethersproject/constants": "^5.0.8",
        "@ethersproject/hash": "^5.0.10",
        "@ethersproject/keccak256": "^5.0.7",
        "@ethersproject/logger": "^5.0.8",
        "@ethersproject/properties": "^5.0.7",
        "@ethersproject/strings": "^5.0.8"
      }
    },
    "@ethersproject/abstract-provider": {
      "version": "5.0.10",
      "resolved": "https://registry.npmjs.org/@ethersproject/abstract-provider/-/abstract-provider-5.0.10.tgz",
      "integrity": "sha512-OSReY5iz94iIaPlRvLiJP8YVIvQLx4aUvMMnHWSaA/vTU8QHZmgNlt4OBdYV1+aFY8Xl+VRYiWBHq72ZDKXXCQ==",
      "requires": {
        "@ethersproject/bignumber": "^5.0.13",
        "@ethersproject/bytes": "^5.0.9",
        "@ethersproject/logger": "^5.0.8",
        "@ethersproject/networks": "^5.0.7",
        "@ethersproject/properties": "^5.0.7",
        "@ethersproject/transactions": "^5.0.9",
        "@ethersproject/web": "^5.0.12"
      }
    },
    "@ethersproject/abstract-signer": {
      "version": "5.0.14",
      "resolved": "https://registry.npmjs.org/@ethersproject/abstract-signer/-/abstract-signer-5.0.14.tgz",
      "integrity": "sha512-JztBwVO7o5OHLh2vyjordlS4/1EjRyaECtc8vPdXTF1i4dXN+J0coeRoPN6ZFbBvi/YbaB6br2fvqhst1VQD/g==",
      "requires": {
        "@ethersproject/abstract-provider": "^5.0.8",
        "@ethersproject/bignumber": "^5.0.13",
        "@ethersproject/bytes": "^5.0.9",
        "@ethersproject/logger": "^5.0.8",
        "@ethersproject/properties": "^5.0.7"
      }
    },
    "@ethersproject/address": {
      "version": "5.0.11",
      "resolved": "https://registry.npmjs.org/@ethersproject/address/-/address-5.0.11.tgz",
      "integrity": "sha512-Et4GBdD8/tsBGjCEOKee9upN29qjL5kbRcmJifb4Penmiuh9GARXL2/xpXvEp5EW+EIW/rfCHFJrkYBgoQFQBw==",
      "requires": {
        "@ethersproject/bignumber": "^5.0.13",
        "@ethersproject/bytes": "^5.0.9",
        "@ethersproject/keccak256": "^5.0.7",
        "@ethersproject/logger": "^5.0.8",
        "@ethersproject/rlp": "^5.0.7"
      }
    },
    "@ethersproject/base64": {
      "version": "5.0.9",
      "resolved": "https://registry.npmjs.org/@ethersproject/base64/-/base64-5.0.9.tgz",
      "integrity": "sha512-37RBz5LEZ9SlTNGiWCYFttnIN9J7qVs9Xo2EbqGqDH5LfW9EIji66S+YDMpXVo1zWDax1FkEldAoatxHK2gfgA==",
      "requires": {
        "@ethersproject/bytes": "^5.0.9"
      }
    },
    "@ethersproject/basex": {
      "version": "5.0.9",
      "resolved": "https://registry.npmjs.org/@ethersproject/basex/-/basex-5.0.9.tgz",
      "integrity": "sha512-FANswl1IN3PS0eltQxH2aM2+utPrkLUVG4XVFi6SafRG9EpAqXCgycxC8PU90mPGhigYTpg9cnTB5mCZ6ejQjw==",
      "requires": {
        "@ethersproject/bytes": "^5.0.9",
        "@ethersproject/properties": "^5.0.7"
      }
    },
    "@ethersproject/bignumber": {
      "version": "5.0.15",
      "resolved": "https://registry.npmjs.org/@ethersproject/bignumber/-/bignumber-5.0.15.tgz",
      "integrity": "sha512-MTADqnyacvdRwtKh7o9ujwNDSM1SDJjYDMYAzjIgjoi9rh6TY4suMbhCa3i2vh3SUXiXSICyTI8ui+NPdrZ9Lw==",
      "requires": {
        "@ethersproject/bytes": "^5.0.9",
        "@ethersproject/logger": "^5.0.8",
        "bn.js": "^4.4.0"
      }
    },
    "@ethersproject/bytes": {
      "version": "5.0.11",
      "resolved": "https://registry.npmjs.org/@ethersproject/bytes/-/bytes-5.0.11.tgz",
      "integrity": "sha512-D51plLYY5qF05AsoVQwIZVLqlBkaTPVHVP/1WmmBIWyHB0cRW0C9kh0kx5Exo51rB63Hk8PfHxc7SmpoaQFEyg==",
      "requires": {
        "@ethersproject/logger": "^5.0.8"
      }
    },
    "@ethersproject/constants": {
      "version": "5.0.10",
      "resolved": "https://registry.npmjs.org/@ethersproject/constants/-/constants-5.0.10.tgz",
      "integrity": "sha512-OSo8jxkHLDXieCy8bgOFR7lMfgPxEzKvSDdP+WAWHCDM8+orwch0B6wzkTmiQFgryAtIctrBt5glAdJikZ3hGw==",
      "requires": {
        "@ethersproject/bignumber": "^5.0.13"
      }
    },
    "@ethersproject/contracts": {
      "version": "5.0.12",
      "resolved": "https://registry.npmjs.org/@ethersproject/contracts/-/contracts-5.0.12.tgz",
      "integrity": "sha512-srijy31idjz8bE+gL1I6IRj2H4I9dUwfQ+QroLrIgNdGArqY8y2iFUKa3QTy+JBX26fJsdYiCQi1kKkaNpnMpQ==",
      "requires": {
        "@ethersproject/abi": "^5.0.10",
        "@ethersproject/abstract-provider": "^5.0.8",
        "@ethersproject/abstract-signer": "^5.0.10",
        "@ethersproject/address": "^5.0.9",
        "@ethersproject/bignumber": "^5.0.13",
        "@ethersproject/bytes": "^5.0.9",
        "@ethersproject/constants": "^5.0.8",
        "@ethersproject/logger": "^5.0.8",
        "@ethersproject/properties": "^5.0.7"
      }
    },
    "@ethersproject/hash": {
      "version": "5.0.12",
      "resolved": "https://registry.npmjs.org/@ethersproject/hash/-/hash-5.0.12.tgz",
      "integrity": "sha512-kn4QN+fhNFbUgX3XZTZUaQixi0oyfIEY+hfW+KtkHu+rq7dV76oAIvaLEEynu1/4npOL38E4X4YI42gGZk+C0Q==",
      "requires": {
        "@ethersproject/abstract-signer": "^5.0.10",
        "@ethersproject/address": "^5.0.9",
        "@ethersproject/bignumber": "^5.0.13",
        "@ethersproject/bytes": "^5.0.9",
        "@ethersproject/keccak256": "^5.0.7",
        "@ethersproject/logger": "^5.0.8",
        "@ethersproject/properties": "^5.0.7",
        "@ethersproject/strings": "^5.0.8"
      }
    },
    "@ethersproject/hdnode": {
      "version": "5.0.10",
      "resolved": "https://registry.npmjs.org/@ethersproject/hdnode/-/hdnode-5.0.10.tgz",
      "integrity": "sha512-ZLwMtIcXK7xz2lSITDCl40W04CtRq4K9NwBxhCzdzPdaz6XnoJMwGz2YMVLg+8ksseq+RYtTwIIXtlK6vyvQyg==",
      "requires": {
        "@ethersproject/abstract-signer": "^5.0.10",
        "@ethersproject/basex": "^5.0.7",
        "@ethersproject/bignumber": "^5.0.13",
        "@ethersproject/bytes": "^5.0.9",
        "@ethersproject/logger": "^5.0.8",
        "@ethersproject/pbkdf2": "^5.0.7",
        "@ethersproject/properties": "^5.0.7",
        "@ethersproject/sha2": "^5.0.7",
        "@ethersproject/signing-key": "^5.0.8",
        "@ethersproject/strings": "^5.0.8",
        "@ethersproject/transactions": "^5.0.9",
        "@ethersproject/wordlists": "^5.0.8"
      }
    },
    "@ethersproject/json-wallets": {
      "version": "5.0.12",
      "resolved": "https://registry.npmjs.org/@ethersproject/json-wallets/-/json-wallets-5.0.12.tgz",
      "integrity": "sha512-nac553zGZnOewpjlqbfy7WBl8m3y7qudzRsI2dCxrediYtPIVIs9f6Pbnou8vDmmp8X4/U4W788d+Ma88o+Gbg==",
      "requires": {
        "@ethersproject/abstract-signer": "^5.0.10",
        "@ethersproject/address": "^5.0.9",
        "@ethersproject/bytes": "^5.0.9",
        "@ethersproject/hdnode": "^5.0.8",
        "@ethersproject/keccak256": "^5.0.7",
        "@ethersproject/logger": "^5.0.8",
        "@ethersproject/pbkdf2": "^5.0.7",
        "@ethersproject/properties": "^5.0.7",
        "@ethersproject/random": "^5.0.7",
        "@ethersproject/strings": "^5.0.8",
        "@ethersproject/transactions": "^5.0.9",
        "aes-js": "3.0.0",
        "scrypt-js": "3.0.1"
      }
    },
    "@ethersproject/keccak256": {
      "version": "5.0.9",
      "resolved": "https://registry.npmjs.org/@ethersproject/keccak256/-/keccak256-5.0.9.tgz",
      "integrity": "sha512-zhdUTj6RGtCJSgU+bDrWF6cGbvW453LoIC1DSNWrTlXzC7WuH4a+EiPrgc7/kNoRxerKuA/cxYlI8GwNtVtDlw==",
      "requires": {
        "@ethersproject/bytes": "^5.0.9",
        "js-sha3": "0.5.7"
      }
    },
    "@ethersproject/logger": {
      "version": "5.0.10",
      "resolved": "https://registry.npmjs.org/@ethersproject/logger/-/logger-5.0.10.tgz",
      "integrity": "sha512-0y2T2NqykDrbPM3Zw9RSbPkDOxwChAL8detXaom76CfYoGxsOnRP/zTX8OUAV+x9LdwzgbWvWmeXrc0M7SuDZw=="
    },
    "@ethersproject/networks": {
      "version": "5.0.9",
      "resolved": "https://registry.npmjs.org/@ethersproject/networks/-/networks-5.0.9.tgz",
      "integrity": "sha512-L8+VCQwArBLGkxZb/5Ns/OH/OxP38AcaveXIxhUTq+VWpXYjrObG3E7RDQIKkUx1S1IcQl/UWTz5w4DK0UitJg==",
      "requires": {
        "@ethersproject/logger": "^5.0.8"
      }
    },
    "@ethersproject/pbkdf2": {
      "version": "5.0.9",
      "resolved": "https://registry.npmjs.org/@ethersproject/pbkdf2/-/pbkdf2-5.0.9.tgz",
      "integrity": "sha512-ItE/wQ/WVw/ajEHPUVgfu0aEvksPgOQc+278bke8sGKnGO3ppjmqp0MHh17tHc1EBTzJbSms5aLIqc56qZ/oiA==",
      "requires": {
        "@ethersproject/bytes": "^5.0.9",
        "@ethersproject/sha2": "^5.0.7"
      }
    },
    "@ethersproject/properties": {
      "version": "5.0.9",
      "resolved": "https://registry.npmjs.org/@ethersproject/properties/-/properties-5.0.9.tgz",
      "integrity": "sha512-ZCjzbHYTw+rF1Pn8FDCEmx3gQttwIHcm/6Xee8g/M3Ga3SfW4tccNMbs5zqnBH0E4RoOPaeNgyg1O68TaF0tlg==",
      "requires": {
        "@ethersproject/logger": "^5.0.8"
      }
    },
    "@ethersproject/providers": {
      "version": "5.0.24",
      "resolved": "https://registry.npmjs.org/@ethersproject/providers/-/providers-5.0.24.tgz",
      "integrity": "sha512-M4Iw1r4gGJkt7ZUa++iREuviKL/DIpmIMsaUlVlXtV+ZrUXeN8xQ3zOTrbz7R4h9W9oljBZM7i4D3Kn1krJ30A==",
      "requires": {
        "@ethersproject/abstract-provider": "^5.0.8",
        "@ethersproject/abstract-signer": "^5.0.10",
        "@ethersproject/address": "^5.0.9",
        "@ethersproject/basex": "^5.0.7",
        "@ethersproject/bignumber": "^5.0.13",
        "@ethersproject/bytes": "^5.0.9",
        "@ethersproject/constants": "^5.0.8",
        "@ethersproject/hash": "^5.0.10",
        "@ethersproject/logger": "^5.0.8",
        "@ethersproject/networks": "^5.0.7",
        "@ethersproject/properties": "^5.0.7",
        "@ethersproject/random": "^5.0.7",
        "@ethersproject/rlp": "^5.0.7",
        "@ethersproject/sha2": "^5.0.7",
        "@ethersproject/strings": "^5.0.8",
        "@ethersproject/transactions": "^5.0.9",
        "@ethersproject/web": "^5.0.12",
        "bech32": "1.1.4",
        "ws": "7.2.3"
      }
    },
    "@ethersproject/random": {
      "version": "5.0.9",
      "resolved": "https://registry.npmjs.org/@ethersproject/random/-/random-5.0.9.tgz",
      "integrity": "sha512-DANG8THsKqFbJOantrxumtG6gyETNE54VfbsWa+SQAT8WKpDo9W/X5Zhh73KuhClaey1UI32uVmISZeq/Zxn1A==",
      "requires": {
        "@ethersproject/bytes": "^5.0.9",
        "@ethersproject/logger": "^5.0.8"
      }
    },
    "@ethersproject/rlp": {
      "version": "5.0.9",
      "resolved": "https://registry.npmjs.org/@ethersproject/rlp/-/rlp-5.0.9.tgz",
      "integrity": "sha512-ns1U7ZMVeruUW6JXc4om+1w3w4ynHN/0fpwmeNTsAjwGKoF8SAUgue6ylKpHKWSti2idx7jDxbn8hNNFHk67CA==",
      "requires": {
        "@ethersproject/bytes": "^5.0.9",
        "@ethersproject/logger": "^5.0.8"
      }
    },
    "@ethersproject/sha2": {
      "version": "5.0.9",
      "resolved": "https://registry.npmjs.org/@ethersproject/sha2/-/sha2-5.0.9.tgz",
      "integrity": "sha512-5FH4s47gM7N1fFAYQ1+m7aX0SbLg0Xr+6tvqndmNqc382/qBIbzXiGlUookrsjlPb6gLNurnTssCXjNM72J6lQ==",
      "requires": {
        "@ethersproject/bytes": "^5.0.9",
        "@ethersproject/logger": "^5.0.8",
        "hash.js": "1.1.3"
      },
      "dependencies": {
        "hash.js": {
          "version": "1.1.3",
          "resolved": "https://registry.npmjs.org/hash.js/-/hash.js-1.1.3.tgz",
          "integrity": "sha512-/UETyP0W22QILqS+6HowevwhEFJ3MBJnwTf75Qob9Wz9t0DPuisL8kW8YZMK62dHAKE1c1p+gY1TtOLY+USEHA==",
          "requires": {
            "inherits": "^2.0.3",
            "minimalistic-assert": "^1.0.0"
          }
        }
      }
    },
    "@ethersproject/signing-key": {
      "version": "5.0.11",
      "resolved": "https://registry.npmjs.org/@ethersproject/signing-key/-/signing-key-5.0.11.tgz",
      "integrity": "sha512-Jfcru/BGwdkXhLxT+8WCZtFy7LL0TPFZw05FAb5asxB/MyVsEfNdNxGDtjVE9zXfmRSPe/EusXYY4K7wcygOyQ==",
      "requires": {
        "@ethersproject/bytes": "^5.0.9",
        "@ethersproject/logger": "^5.0.8",
        "@ethersproject/properties": "^5.0.7",
        "elliptic": "6.5.4"
      }
    },
    "@ethersproject/solidity": {
      "version": "5.0.10",
      "resolved": "https://registry.npmjs.org/@ethersproject/solidity/-/solidity-5.0.10.tgz",
      "integrity": "sha512-8OG3HLqynWXDA6mVIHuHfF/ojTTwBahON7hc9GAKCqglzXCkVA3OpyxOJXPzjHClRIAUUiU7r9oy9Z/nsjtT/g==",
      "requires": {
        "@ethersproject/bignumber": "^5.0.13",
        "@ethersproject/bytes": "^5.0.9",
        "@ethersproject/keccak256": "^5.0.7",
        "@ethersproject/sha2": "^5.0.7",
        "@ethersproject/strings": "^5.0.8"
      }
    },
    "@ethersproject/strings": {
      "version": "5.0.10",
      "resolved": "https://registry.npmjs.org/@ethersproject/strings/-/strings-5.0.10.tgz",
      "integrity": "sha512-KAeoS1tZ9/5ECXiIZA6S6hywbD0so2VmuW+Wfyo5EDXeyZ6Na1nxTPhTnW7voQmjbeYJffCrOc0qLFJeylyg7w==",
      "requires": {
        "@ethersproject/bytes": "^5.0.9",
        "@ethersproject/constants": "^5.0.8",
        "@ethersproject/logger": "^5.0.8"
      }
    },
    "@ethersproject/transactions": {
      "version": "5.0.11",
      "resolved": "https://registry.npmjs.org/@ethersproject/transactions/-/transactions-5.0.11.tgz",
      "integrity": "sha512-ftsRvR9+gQp7L63F6+XmstvsZ4w8GtWvQB08e/zB+oB86Fnhq8+i/tkgpJplSHC8I/qgiCisva+M3u2GVhDFPA==",
      "requires": {
        "@ethersproject/address": "^5.0.9",
        "@ethersproject/bignumber": "^5.0.13",
        "@ethersproject/bytes": "^5.0.9",
        "@ethersproject/constants": "^5.0.8",
        "@ethersproject/keccak256": "^5.0.7",
        "@ethersproject/logger": "^5.0.8",
        "@ethersproject/properties": "^5.0.7",
        "@ethersproject/rlp": "^5.0.7",
        "@ethersproject/signing-key": "^5.0.8"
      }
    },
    "@ethersproject/units": {
      "version": "5.0.11",
      "resolved": "https://registry.npmjs.org/@ethersproject/units/-/units-5.0.11.tgz",
      "integrity": "sha512-nOSPmcCWyB/dwoBRhhTtPGCsTbiXqmc7Q0Adwvafc432AC7hy3Fj3IFZtnSXsbtJ/GdHCIUIoA8gtvxSsFuBJg==",
      "requires": {
        "@ethersproject/bignumber": "^5.0.13",
        "@ethersproject/constants": "^5.0.8",
        "@ethersproject/logger": "^5.0.8"
      }
    },
    "@ethersproject/wallet": {
      "version": "5.0.12",
      "resolved": "https://registry.npmjs.org/@ethersproject/wallet/-/wallet-5.0.12.tgz",
      "integrity": "sha512-rboJebGf47/KPZrKZQdYg9BAYuXbc/OwcUyML1K1f2jnJeo1ObWV11U1PAWTjTbhhSy6/Fg+34GO2yMb5Dt1Rw==",
      "requires": {
        "@ethersproject/abstract-provider": "^5.0.8",
        "@ethersproject/abstract-signer": "^5.0.10",
        "@ethersproject/address": "^5.0.9",
        "@ethersproject/bignumber": "^5.0.13",
        "@ethersproject/bytes": "^5.0.9",
        "@ethersproject/hash": "^5.0.10",
        "@ethersproject/hdnode": "^5.0.8",
        "@ethersproject/json-wallets": "^5.0.10",
        "@ethersproject/keccak256": "^5.0.7",
        "@ethersproject/logger": "^5.0.8",
        "@ethersproject/properties": "^5.0.7",
        "@ethersproject/random": "^5.0.7",
        "@ethersproject/signing-key": "^5.0.8",
        "@ethersproject/transactions": "^5.0.9",
        "@ethersproject/wordlists": "^5.0.8"
      }
    },
    "@ethersproject/web": {
      "version": "5.0.14",
      "resolved": "https://registry.npmjs.org/@ethersproject/web/-/web-5.0.14.tgz",
      "integrity": "sha512-QpTgplslwZ0Sp9oKNLoRuS6TKxnkwfaEk3gr7zd7XLF8XBsYejsrQO/03fNfnMx/TAT/RR6WEw/mbOwpRSeVRA==",
      "requires": {
        "@ethersproject/base64": "^5.0.7",
        "@ethersproject/bytes": "^5.0.9",
        "@ethersproject/logger": "^5.0.8",
        "@ethersproject/properties": "^5.0.7",
        "@ethersproject/strings": "^5.0.8"
      }
    },
    "@ethersproject/wordlists": {
      "version": "5.0.10",
      "resolved": "https://registry.npmjs.org/@ethersproject/wordlists/-/wordlists-5.0.10.tgz",
      "integrity": "sha512-jWsEm1iJzpg9SCXnNfFz+tcp4Ofzv0TJb6mj+soCNcar9GcT0yGz62ZsHC3pLQWaF4LkCzGwRJHJTXKjHQfG1A==",
      "requires": {
        "@ethersproject/bytes": "^5.0.9",
        "@ethersproject/hash": "^5.0.10",
        "@ethersproject/logger": "^5.0.8",
        "@ethersproject/properties": "^5.0.7",
        "@ethersproject/strings": "^5.0.8"
      }
    },
    "aes-js": {
      "version": "3.0.0",
      "resolved": "https://registry.npmjs.org/aes-js/-/aes-js-3.0.0.tgz",
      "integrity": "sha1-4h3xCtbCBTKVvLuNq0Cwnb6ofk0="
    },
    "bech32": {
      "version": "1.1.4",
      "resolved": "https://registry.npmjs.org/bech32/-/bech32-1.1.4.tgz",
      "integrity": "sha512-s0IrSOzLlbvX7yp4WBfPITzpAU8sqQcpsmwXDiKwrG4r491vwCO/XpejasRNl0piBMe/DvP4Tz0mIS/X1DPJBQ=="
    },
    "bn.js": {
      "version": "4.12.0",
      "resolved": "https://registry.npmjs.org/bn.js/-/bn.js-4.12.0.tgz",
      "integrity": "sha512-c98Bf3tPniI+scsdk237ku1Dc3ujXQTSgyiPUDEOe7tRkhrqridvh8klBv0HCEso1OLOYcHuCv/cS6DNxKH+ZA=="
    },
    "brorand": {
      "version": "1.1.0",
      "resolved": "https://registry.npmjs.org/brorand/-/brorand-1.1.0.tgz",
      "integrity": "sha1-EsJe/kCkXjwyPrhnWgoM5XsiNx8="
    },
    "elliptic": {
      "version": "6.5.4",
      "resolved": "https://registry.npmjs.org/elliptic/-/elliptic-6.5.4.tgz",
      "integrity": "sha512-iLhC6ULemrljPZb+QutR5TQGB+pdW6KGD5RSegS+8sorOZT+rdQFbsQFJgvN3eRqNALqJer4oQ16YvJHlU8hzQ==",
      "requires": {
        "bn.js": "^4.11.9",
        "brorand": "^1.1.0",
        "hash.js": "^1.0.0",
        "hmac-drbg": "^1.0.1",
        "inherits": "^2.0.4",
        "minimalistic-assert": "^1.0.1",
        "minimalistic-crypto-utils": "^1.0.1"
      }
    },
    "ethers": {
      "version": "5.0.32",
      "resolved": "https://registry.npmjs.org/ethers/-/ethers-5.0.32.tgz",
      "integrity": "sha512-rORfGWR0HsA4pjKMMcWZorw12DHsXqfIAuPVHJsXt+vI24jvXcVqx+rLsSvgOoLdaCMdxiN5qlIq2+4axKG31g==",
      "requires": {
        "@ethersproject/abi": "5.0.13",
        "@ethersproject/abstract-provider": "5.0.10",
        "@ethersproject/abstract-signer": "5.0.14",
        "@ethersproject/address": "5.0.11",
        "@ethersproject/base64": "5.0.9",
        "@ethersproject/basex": "5.0.9",
        "@ethersproject/bignumber": "5.0.15",
        "@ethersproject/bytes": "5.0.11",
        "@ethersproject/constants": "5.0.10",
        "@ethersproject/contracts": "5.0.12",
        "@ethersproject/hash": "5.0.12",
        "@ethersproject/hdnode": "5.0.10",
        "@ethersproject/json-wallets": "5.0.12",
        "@ethersproject/keccak256": "5.0.9",
        "@ethersproject/logger": "5.0.10",
        "@ethersproject/networks": "5.0.9",
        "@ethersproject/pbkdf2": "5.0.9",
        "@ethersproject/properties": "5.0.9",
        "@ethersproject/providers": "5.0.24",
        "@ethersproject/random": "5.0.9",
        "@ethersproject/rlp": "5.0.9",
        "@ethersproject/sha2": "5.0.9",
        "@ethersproject/signing-key": "5.0.11",
        "@ethersproject/solidity": "5.0.10",
        "@ethersproject/strings": "5.0.10",
        "@ethersproject/transactions": "5.0.11",
        "@ethersproject/units": "5.0.11",
        "@ethersproject/wallet": "5.0.12",
        "@ethersproject/web": "5.0.14",
        "@ethersproject/wordlists": "5.0.10"
      }
    },
    "hash.js": {
      "version": "1.1.7",
      "resolved": "https://registry.npmjs.org/hash.js/-/hash.js-1.1.7.tgz",
      "integrity": "sha512-taOaskGt4z4SOANNseOviYDvjEJinIkRgmp7LbKP2YTTmVxWBl87s/uzK9r+44BclBSp2X7K1hqeNfz9JbBeXA==",
      "requires": {
        "inherits": "^2.0.3",
        "minimalistic-assert": "^1.0.1"
      }
    },
    "hmac-drbg": {
      "version": "1.0.1",
      "resolved": "https://registry.npmjs.org/hmac-drbg/-/hmac-drbg-1.0.1.tgz",
      "integrity": "sha1-0nRXAQJabHdabFRXk+1QL8DGSaE=",
      "requires": {
        "hash.js": "^1.0.3",
        "minimalistic-assert": "^1.0.0",
        "minimalistic-crypto-utils": "^1.0.1"
      }
    },
    "inherits": {
      "version": "2.0.4",
      "resolved": "https://registry.npmjs.org/inherits/-/inherits-2.0.4.tgz",
      "integrity": "sha512-k/vGaX4/Yla3WzyMCvTQOXYeIHvqOKtnqBduzTHpzpQZzAskKMhZ2K+EnBiSM9zGSoIFeMpXKxa4dYeZIQqewQ=="
    },
    "js-sha3": {
      "version": "0.5.7",
      "resolved": "https://registry.npmjs.org/js-sha3/-/js-sha3-0.5.7.tgz",
      "integrity": "sha1-DU/9gALVMzqrr0oj7tL2N0yfKOc="
    },
    "minimalistic-assert": {
      "version": "1.0.1",
      "resolved": "https://registry.npmjs.org/minimalistic-assert/-/minimalistic-assert-1.0.1.tgz",
      "integrity": "sha512-UtJcAD4yEaGtjPezWuO9wC4nwUnVH/8/Im3yEHQP4b67cXlD/Qr9hdITCU1xDbSEXg2XKNaP8jsReV7vQd00/A=="
    },
    "minimalistic-crypto-utils": {
      "version": "1.0.1",
      "resolved": "https://registry.npmjs.org/minimalistic-crypto-utils/-/minimalistic-crypto-utils-1.0.1.tgz",
      "integrity": "sha1-9sAMHAsIIkblxNmd+4x8CDsrWCo="
    },
    "scrypt-js": {
      "version": "3.0.1",
      "resolved": "https://registry.npmjs.org/scrypt-js/-/scrypt-js-3.0.1.tgz",
      "integrity": "sha512-cdwTTnqPu0Hyvf5in5asVdZocVDTNRmR7XEcJuIzMjJeSHybHl7vpB66AzwTaIg6CLSbtjcxc8fqcySfnTkccA=="
    },
    "ws": {
      "version": "7.2.3",
      "resolved": "https://registry.npmjs.org/ws/-/ws-7.2.3.tgz",
      "integrity": "sha512-HTDl9G9hbkNDk98naoR/cHDws7+EyYMOdL1BmjsZXRUjf7d+MficC4B7HLUPlSiho0vg+CWKrGIt/VJBd1xunQ=="
    }
  }
}
