{
  "name": "122-openzeppelin-tutorial-installation",
  "version": "1.0.0",
  "lockfileVersion": 1,
  "requires": true,
  "dependencies": {
    "@openzeppelin/contracts": {
      "version": "4.4.2",
      "resolved": "https://registry.npmjs.org/@openzeppelin/contracts/-/contracts-4.4.2.tgz",
      "integrity": "sha512-NyJV7sJgoGYqbtNUWgzzOGW4T6rR19FmX1IJgXGdapGPWsuMelGJn9h03nos0iqfforCbCB0iYIR0MtIuIFLLw=="
    }
  }
}
