# THIS IS AN AUTOGENERATED FILE. DO NOT EDIT THIS FILE DIRECTLY.
# yarn lockfile v1


ccxt@^1.51.40:
  version "1.51.40"
  resolved "https://registry.yarnpkg.com/ccxt/-/ccxt-1.51.40.tgz#ed27d6fad3ad004f4fe0c719ae02a1dc113e4d39"
  integrity sha512-vViblluNngqhTdwMDXotPv36Xan9iRKYsYSiHXKElWa1SRSLc3OdEvnJ8iViqPQSGnQz1u27xUticFRTy74paQ==

dotenv@^10.0.0:
  version "10.0.0"
  resolved "https://registry.yarnpkg.com/dotenv/-/dotenv-10.0.0.tgz#3d4227b8fb95f81096cdd2b66653fb2c7085ba81"
  integrity sha512-rlBi9d8jpv9Sf1klPjNfFAuWDjKLwTIJJ/VxtoTwIR6hnZxcEOQCZg2oIL3MWBYw5GpUDKOEnND7LXTbIpQ03Q==
