{
  "name": "266-how-to-calculate-apy-defi",
  "version": "1.0.0",
  "lockfileVersion": 1,
  "requires": true,
  "dependencies": {
    "@compound-finance/compound-js": {
      "version": "0.2.4",
      "resolved": "https://registry.npmjs.org/@compound-finance/compound-js/-/compound-js-0.2.4.tgz",
      "integrity": "sha512-pXXOOFey48CDRF5HmfqCpbHnuTOUdvLmCrCUYJzyEarZdZWAsqt3HRggOGT5kWpnKvneEp336mQalmlsYz+6Ng==",
      "requires": {
        "ethers": "^5.0.7"
      }
    },
    "@ethersproject/abstract-provider": {
      "version": "5.0.7",
      "resolved": "https://registry.npmjs.org/@ethersproject/abstract-provider/-/abstract-provider-5.0.7.tgz",
      "integrity": "sha512-NF16JGn6M0zZP5ZS8KtDL2Rh7yHxZbUjBIHLNHMm/0X0BephhjUWy8jqs/Zks6kDJRzNthgmPVy41Ec0RYWPYA==",
      "requires": {
        "@ethersproject/bignumber": "^5.0.7",
        "@ethersproject/bytes": "^5.0.4",
        "@ethersproject/logger": "^5.0.5",
        "@ethersproject/networks": "^5.0.3",
        "@ethersproject/properties": "^5.0.3",
        "@ethersproject/transactions": "^5.0.5",
        "@ethersproject/web": "^5.0.6"
      }
    },
    "@ethersproject/abstract-signer": {
      "version": "5.0.9",
      "resolved": "https://registry.npmjs.org/@ethersproject/abstract-signer/-/abstract-signer-5.0.9.tgz",
      "integrity": "sha512-CM5UNmXQaA03MyYARFDDRjHWBxujO41tVle7glf5kHcQsDDULgqSVpkliLJMtPzZjOKFeCVZBHybTZDEZg5zzg==",
      "requires": {
        "@ethersproject/abstract-provider": "^5.0.4",
        "@ethersproject/bignumber": "^5.0.7",
        "@ethersproject/bytes": "^5.0.4",
        "@ethersproject/logger": "^5.0.5",
        "@ethersproject/properties": "^5.0.3"
      }
    },
    "@ethersproject/address": {
      "version": "5.0.8",
      "resolved": "https://registry.npmjs.org/@ethersproject/address/-/address-5.0.8.tgz",
      "integrity": "sha512-V87DHiZMZR6hmFYmoGaHex0D53UEbZpW75uj8AqPbjYUmi65RB4N2LPRcJXuWuN2R0Y2CxkvW6ArijWychr5FA==",
      "requires": {
        "@ethersproject/bignumber": "^5.0.10",
        "@ethersproject/bytes": "^5.0.4",
        "@ethersproject/keccak256": "^5.0.3",
        "@ethersproject/logger": "^5.0.5",
        "@ethersproject/rlp": "^5.0.3"
      }
    },
    "@ethersproject/base64": {
      "version": "5.0.6",
      "resolved": "https://registry.npmjs.org/@ethersproject/base64/-/base64-5.0.6.tgz",
      "integrity": "sha512-HwrGn8YMiUf7bcdVvB4NJ+eWT0BtEFpDtrYxVXEbR7p/XBSJjwiR7DEggIiRvxbualMKg+EZijQWJ3az2li0uw==",
      "requires": {
        "@ethersproject/bytes": "^5.0.4"
      }
    },
    "@ethersproject/basex": {
      "version": "5.0.6",
      "resolved": "https://registry.npmjs.org/@ethersproject/basex/-/basex-5.0.6.tgz",
      "integrity": "sha512-Y/8dowRxBF3bsKkqEp7XN4kcFFQ0o5xxP1YyopfqkXejaOEGiD7ToQdQ0pIZpAJ5GreW56oFOTDDSO6ZcUCNYg==",
      "requires": {
        "@ethersproject/bytes": "^5.0.4",
        "@ethersproject/properties": "^5.0.3"
      }
    },
    "@ethersproject/bignumber": {
      "version": "5.0.12",
      "resolved": "https://registry.npmjs.org/@ethersproject/bignumber/-/bignumber-5.0.12.tgz",
      "integrity": "sha512-mbFZjwthx6vFlHG9owXP/C5QkNvsA+xHpDCkPPPdG2n1dS9AmZAL5DI0InNLid60rQWL3MXpEl19tFmtL7Q9jw==",
      "requires": {
        "@ethersproject/bytes": "^5.0.8",
        "@ethersproject/logger": "^5.0.5",
        "bn.js": "^4.4.0"
      }
    },
    "@ethersproject/bytes": {
      "version": "5.0.8",
      "resolved": "https://registry.npmjs.org/@ethersproject/bytes/-/bytes-5.0.8.tgz",
      "integrity": "sha512-O+sJNVGzzuy51g+EMK8BegomqNIg+C2RO6vOt0XP6ac4o4saiq69FnjlsrNslaiMFVO7qcEHBsWJ9hx1tj1lMw==",
      "requires": {
        "@ethersproject/logger": "^5.0.5"
      }
    },
    "@ethersproject/constants": {
      "version": "5.0.7",
      "resolved": "https://registry.npmjs.org/@ethersproject/constants/-/constants-5.0.7.tgz",
      "integrity": "sha512-cbQK1UpE4hamB52Eg6DLhJoXeQ1plSzekh5Ujir1xdREdwdsZPPXKczkrWqBBR0KyywJZHN/o/hj0w8j7scSGg==",
      "requires": {
        "@ethersproject/bignumber": "^5.0.7"
      }
    },
    "@ethersproject/contracts": {
      "version": "5.0.8",
      "resolved": "https://registry.npmjs.org/@ethersproject/contracts/-/contracts-5.0.8.tgz",
      "integrity": "sha512-PecBL4vnsrpuks2lzzkRsOts8csJy338HNDKDIivbFmx92BVzh3ohOOv3XsoYPSXIHQvobF959W+aSk3RCZL/g==",
      "requires": {
        "@ethersproject/abi": "^5.0.5",
        "@ethersproject/abstract-provider": "^5.0.4",
        "@ethersproject/abstract-signer": "^5.0.4",
        "@ethersproject/address": "^5.0.4",
        "@ethersproject/bignumber": "^5.0.7",
        "@ethersproject/bytes": "^5.0.4",
        "@ethersproject/constants": "^5.0.4",
        "@ethersproject/logger": "^5.0.5",
        "@ethersproject/properties": "^5.0.3"
      },
      "dependencies": {
        "@ethersproject/abi": {
          "version": "5.0.9",
          "resolved": "https://registry.npmjs.org/@ethersproject/abi/-/abi-5.0.9.tgz",
          "integrity": "sha512-ily2OufA2DTrxkiHQw5GqbkMSnNKuwZBqKsajtT0ERhZy1r9w2CpW1bmtRMIGzaqQxCdn/GEoFogexk72cBBZQ==",
          "requires": {
            "@ethersproject/address": "^5.0.4",
            "@ethersproject/bignumber": "^5.0.7",
            "@ethersproject/bytes": "^5.0.4",
            "@ethersproject/constants": "^5.0.4",
            "@ethersproject/hash": "^5.0.4",
            "@ethersproject/keccak256": "^5.0.3",
            "@ethersproject/logger": "^5.0.5",
            "@ethersproject/properties": "^5.0.3",
            "@ethersproject/strings": "^5.0.4"
          }
        }
      }
    },
    "@ethersproject/hash": {
      "version": "5.0.9",
      "resolved": "https://registry.npmjs.org/@ethersproject/hash/-/hash-5.0.9.tgz",
      "integrity": "sha512-e8/i2ZDeGSgCxXT0vocL54+pMbw5oX5fNjb2E3bAIvdkh5kH29M7zz1jHu1QDZnptIuvCZepIbhUH8lxKE2/SQ==",
      "requires": {
        "@ethersproject/abstract-signer": "^5.0.6",
        "@ethersproject/address": "^5.0.5",
        "@ethersproject/bignumber": "^5.0.8",
        "@ethersproject/bytes": "^5.0.4",
        "@ethersproject/keccak256": "^5.0.3",
        "@ethersproject/logger": "^5.0.5",
        "@ethersproject/properties": "^5.0.4",
        "@ethersproject/strings": "^5.0.4"
      }
    },
    "@ethersproject/hdnode": {
      "version": "5.0.7",
      "resolved": "https://registry.npmjs.org/@ethersproject/hdnode/-/hdnode-5.0.7.tgz",
      "integrity": "sha512-89tphqlji4y/LNE1cSaMQ3hrBtJ4lO1qWGi2hn54LiHym85DTw+zAKbA8QgmdSdJDLGR/kc9VHaIPQ+vZQ2LkQ==",
      "requires": {
        "@ethersproject/abstract-signer": "^5.0.4",
        "@ethersproject/basex": "^5.0.3",
        "@ethersproject/bignumber": "^5.0.7",
        "@ethersproject/bytes": "^5.0.4",
        "@ethersproject/logger": "^5.0.5",
        "@ethersproject/pbkdf2": "^5.0.3",
        "@ethersproject/properties": "^5.0.3",
        "@ethersproject/sha2": "^5.0.3",
        "@ethersproject/signing-key": "^5.0.4",
        "@ethersproject/strings": "^5.0.4",
        "@ethersproject/transactions": "^5.0.5",
        "@ethersproject/wordlists": "^5.0.4"
      }
    },
    "@ethersproject/json-wallets": {
      "version": "5.0.9",
      "resolved": "https://registry.npmjs.org/@ethersproject/json-wallets/-/json-wallets-5.0.9.tgz",
      "integrity": "sha512-EWuFvJd8nu90dkmJwmJddxOYCvFvMkKBsZi8rxTme2XEZsHKOFnybVkoL23u7ZtApuEfTKmVcR2PTwgZwqDsKw==",
      "requires": {
        "@ethersproject/abstract-signer": "^5.0.4",
        "@ethersproject/address": "^5.0.4",
        "@ethersproject/bytes": "^5.0.4",
        "@ethersproject/hdnode": "^5.0.4",
        "@ethersproject/keccak256": "^5.0.3",
        "@ethersproject/logger": "^5.0.5",
        "@ethersproject/pbkdf2": "^5.0.3",
        "@ethersproject/properties": "^5.0.3",
        "@ethersproject/random": "^5.0.3",
        "@ethersproject/strings": "^5.0.4",
        "@ethersproject/transactions": "^5.0.5",
        "aes-js": "3.0.0",
        "scrypt-js": "3.0.1"
      }
    },
    "@ethersproject/keccak256": {
      "version": "5.0.6",
      "resolved": "https://registry.npmjs.org/@ethersproject/keccak256/-/keccak256-5.0.6.tgz",
      "integrity": "sha512-eJ4Id/i2rwrf5JXEA7a12bG1phuxjj47mPZgDUbttuNBodhSuZF2nEO5QdpaRjmlphQ8Kt9PNqY/z7lhtJptZg==",
      "requires": {
        "@ethersproject/bytes": "^5.0.4",
        "js-sha3": "0.5.7"
      },
      "dependencies": {
        "js-sha3": {
          "version": "0.5.7",
          "resolved": "https://registry.npmjs.org/js-sha3/-/js-sha3-0.5.7.tgz",
          "integrity": "sha1-DU/9gALVMzqrr0oj7tL2N0yfKOc="
        }
      }
    },
    "@ethersproject/logger": {
      "version": "5.0.8",
      "resolved": "https://registry.npmjs.org/@ethersproject/logger/-/logger-5.0.8.tgz",
      "integrity": "sha512-SkJCTaVTnaZ3/ieLF5pVftxGEFX56pTH+f2Slrpv7cU0TNpUZNib84QQdukd++sWUp/S7j5t5NW+WegbXd4U/A=="
    },
    "@ethersproject/networks": {
      "version": "5.0.6",
      "resolved": "https://registry.npmjs.org/@ethersproject/networks/-/networks-5.0.6.tgz",
      "integrity": "sha512-2Cg1N5109zzFOBfkyuPj+FfF7ioqAsRffmybJ2lrsiB5skphIAE72XNSCs4fqktlf+rwSh/5o/UXRjXxvSktZw==",
      "requires": {
        "@ethersproject/logger": "^5.0.5"
      }
    },
    "@ethersproject/pbkdf2": {
      "version": "5.0.6",
      "resolved": "https://registry.npmjs.org/@ethersproject/pbkdf2/-/pbkdf2-5.0.6.tgz",
      "integrity": "sha512-CUYciSxR/AaCoKMJk3WUW+BDhR41G3C+O9lOeZ4bR1wDhLKL2Z8p0ciF5XDEiVbmI4CToW6boVKybeVMdngRrg==",
      "requires": {
        "@ethersproject/bytes": "^5.0.4",
        "@ethersproject/sha2": "^5.0.3"
      }
    },
    "@ethersproject/properties": {
      "version": "5.0.6",
      "resolved": "https://registry.npmjs.org/@ethersproject/properties/-/properties-5.0.6.tgz",
      "integrity": "sha512-a9DUMizYhJ0TbtuDkO9iYlb2CDlpSKqGPDr+amvlZhRspQ6jbl5Eq8jfu4SCcGlcfaTbguJmqGnyOGn1EFt6xA==",
      "requires": {
        "@ethersproject/logger": "^5.0.5"
      }
    },
    "@ethersproject/providers": {
      "version": "5.0.17",
      "resolved": "https://registry.npmjs.org/@ethersproject/providers/-/providers-5.0.17.tgz",
      "integrity": "sha512-bJnvs5X7ttU5x2ekGJYG7R3Z+spZawLFfR0IDsbaMDLiCwZOyrgk+VTBU7amSFLT0WUhWFv8WwSUB+AryCQG1Q==",
      "requires": {
        "@ethersproject/abstract-provider": "^5.0.4",
        "@ethersproject/abstract-signer": "^5.0.4",
        "@ethersproject/address": "^5.0.4",
        "@ethersproject/basex": "^5.0.3",
        "@ethersproject/bignumber": "^5.0.7",
        "@ethersproject/bytes": "^5.0.4",
        "@ethersproject/constants": "^5.0.4",
        "@ethersproject/hash": "^5.0.4",
        "@ethersproject/logger": "^5.0.5",
        "@ethersproject/networks": "^5.0.3",
        "@ethersproject/properties": "^5.0.3",
        "@ethersproject/random": "^5.0.3",
        "@ethersproject/rlp": "^5.0.3",
        "@ethersproject/sha2": "^5.0.3",
        "@ethersproject/strings": "^5.0.4",
        "@ethersproject/transactions": "^5.0.5",
        "@ethersproject/web": "^5.0.6",
        "bech32": "1.1.4",
        "ws": "7.2.3"
      },
      "dependencies": {
        "ws": {
          "version": "7.2.3",
          "resolved": "https://registry.npmjs.org/ws/-/ws-7.2.3.tgz",
          "integrity": "sha512-HTDl9G9hbkNDk98naoR/cHDws7+EyYMOdL1BmjsZXRUjf7d+MficC4B7HLUPlSiho0vg+CWKrGIt/VJBd1xunQ=="
        }
      }
    },
    "@ethersproject/random": {
      "version": "5.0.6",
      "resolved": "https://registry.npmjs.org/@ethersproject/random/-/random-5.0.6.tgz",
      "integrity": "sha512-8nsVNaZvZ9OD5NXfzE4mmz8IH/1DYJbAR95xpRxZkIuNmfn6QlMp49ccJYZWGhs6m0Zj2+FXjx3pzXfYlo9/dA==",
      "requires": {
        "@ethersproject/bytes": "^5.0.4",
        "@ethersproject/logger": "^5.0.5"
      }
    },
    "@ethersproject/rlp": {
      "version": "5.0.6",
      "resolved": "https://registry.npmjs.org/@ethersproject/rlp/-/rlp-5.0.6.tgz",
      "integrity": "sha512-M223MTaydfmQSsvqAl0FJZDYFlSqt6cgbhnssLDwqCKYegAHE16vrFyo+eiOapYlt32XAIJm0BXlqSunULzZuQ==",
      "requires": {
        "@ethersproject/bytes": "^5.0.4",
        "@ethersproject/logger": "^5.0.5"
      }
    },
    "@ethersproject/sha2": {
      "version": "5.0.6",
      "resolved": "https://registry.npmjs.org/@ethersproject/sha2/-/sha2-5.0.6.tgz",
      "integrity": "sha512-30gypDLkfkP5gE3llqi0jEuRV8m4/nvzeqmqMxiihZ7veFQHqDaGpyFeHzFim+qGeH9fq0lgYjavLvwW69+Fkw==",
      "requires": {
        "@ethersproject/bytes": "^5.0.4",
        "@ethersproject/logger": "^5.0.5",
        "hash.js": "1.1.3"
      },
      "dependencies": {
        "hash.js": {
          "version": "1.1.3",
          "resolved": "https://registry.npmjs.org/hash.js/-/hash.js-1.1.3.tgz",
          "integrity": "sha512-/UETyP0W22QILqS+6HowevwhEFJ3MBJnwTf75Qob9Wz9t0DPuisL8kW8YZMK62dHAKE1c1p+gY1TtOLY+USEHA==",
          "requires": {
            "inherits": "^2.0.3",
            "minimalistic-assert": "^1.0.0"
          }
        }
      }
    },
    "@ethersproject/signing-key": {
      "version": "5.0.7",
      "resolved": "https://registry.npmjs.org/@ethersproject/signing-key/-/signing-key-5.0.7.tgz",
      "integrity": "sha512-JYndnhFPKH0daPcIjyhi+GMcw3srIHkQ40hGRe6DA0CdGrpMfgyfSYDQ2D8HL2lgR+Xm4SHfEB0qba6+sCyrvg==",
      "requires": {
        "@ethersproject/bytes": "^5.0.4",
        "@ethersproject/logger": "^5.0.5",
        "@ethersproject/properties": "^5.0.3",
        "elliptic": "6.5.3"
      }
    },
    "@ethersproject/solidity": {
      "version": "5.0.7",
      "resolved": "https://registry.npmjs.org/@ethersproject/solidity/-/solidity-5.0.7.tgz",
      "integrity": "sha512-dUevKUZ06p/VMLP/+cz4QUV+lA17NixucDJfm0ioWF0B3R0Lf+6wqwPchcqiAXlxkNFGIax7WNLgGMh4CkQ8iw==",
      "requires": {
        "@ethersproject/bignumber": "^5.0.7",
        "@ethersproject/bytes": "^5.0.4",
        "@ethersproject/keccak256": "^5.0.3",
        "@ethersproject/sha2": "^5.0.3",
        "@ethersproject/strings": "^5.0.4"
      }
    },
    "@ethersproject/strings": {
      "version": "5.0.7",
      "resolved": "https://registry.npmjs.org/@ethersproject/strings/-/strings-5.0.7.tgz",
      "integrity": "sha512-a+6T80LvmXGMOOWQTZHtGGQEg1z4v8rm8oX70KNs55YtPXI/5J3LBbVf5pyqCKSlmiBw5IaepPvs5XGalRUSZQ==",
      "requires": {
        "@ethersproject/bytes": "^5.0.4",
        "@ethersproject/constants": "^5.0.4",
        "@ethersproject/logger": "^5.0.5"
      }
    },
    "@ethersproject/transactions": {
      "version": "5.0.8",
      "resolved": "https://registry.npmjs.org/@ethersproject/transactions/-/transactions-5.0.8.tgz",
      "integrity": "sha512-i7NtOXVzUe+YSU6QufzlRrI2WzHaTmULAKHJv4duIZMLqzehCBXGA9lTpFgFdqGYcQJ7vOtNFC2BB2mSjmuXqg==",
      "requires": {
        "@ethersproject/address": "^5.0.4",
        "@ethersproject/bignumber": "^5.0.7",
        "@ethersproject/bytes": "^5.0.4",
        "@ethersproject/constants": "^5.0.4",
        "@ethersproject/keccak256": "^5.0.3",
        "@ethersproject/logger": "^5.0.5",
        "@ethersproject/properties": "^5.0.3",
        "@ethersproject/rlp": "^5.0.3",
        "@ethersproject/signing-key": "^5.0.4"
      }
    },
    "@ethersproject/units": {
      "version": "5.0.8",
      "resolved": "https://registry.npmjs.org/@ethersproject/units/-/units-5.0.8.tgz",
      "integrity": "sha512-3O4MaNHFs05vC5v2ZGqVFVWtO1WyqFejO78M7Qh16njo282aoMlENtVI6cn2B36zOLFXRvYt2pYx6xCG53qKzg==",
      "requires": {
        "@ethersproject/bignumber": "^5.0.7",
        "@ethersproject/constants": "^5.0.4",
        "@ethersproject/logger": "^5.0.5"
      }
    },
    "@ethersproject/wallet": {
      "version": "5.0.9",
      "resolved": "https://registry.npmjs.org/@ethersproject/wallet/-/wallet-5.0.9.tgz",
      "integrity": "sha512-GfpQF56PO/945SJq7Wdg5F5U6wkxaDgkAzcgGbCW6Joz8oW8MzKItkvYCzMh+j/8gJMzFncsuqX4zg2gq3J6nQ==",
      "requires": {
        "@ethersproject/abstract-provider": "^5.0.4",
        "@ethersproject/abstract-signer": "^5.0.4",
        "@ethersproject/address": "^5.0.4",
        "@ethersproject/bignumber": "^5.0.7",
        "@ethersproject/bytes": "^5.0.4",
        "@ethersproject/hash": "^5.0.4",
        "@ethersproject/hdnode": "^5.0.4",
        "@ethersproject/json-wallets": "^5.0.6",
        "@ethersproject/keccak256": "^5.0.3",
        "@ethersproject/logger": "^5.0.5",
        "@ethersproject/properties": "^5.0.3",
        "@ethersproject/random": "^5.0.3",
        "@ethersproject/signing-key": "^5.0.4",
        "@ethersproject/transactions": "^5.0.5",
        "@ethersproject/wordlists": "^5.0.4"
      }
    },
    "@ethersproject/web": {
      "version": "5.0.11",
      "resolved": "https://registry.npmjs.org/@ethersproject/web/-/web-5.0.11.tgz",
      "integrity": "sha512-x03ihbPoN1S8Gsh9WSwxkYxUIumLi02ZEKJku1C43sxBfe+mdprWyvujzYlpuoRNfWRgNhdRDKMP8JbG6MwNGA==",
      "requires": {
        "@ethersproject/base64": "^5.0.3",
        "@ethersproject/bytes": "^5.0.4",
        "@ethersproject/logger": "^5.0.5",
        "@ethersproject/properties": "^5.0.3",
        "@ethersproject/strings": "^5.0.4"
      }
    },
    "@ethersproject/wordlists": {
      "version": "5.0.7",
      "resolved": "https://registry.npmjs.org/@ethersproject/wordlists/-/wordlists-5.0.7.tgz",
      "integrity": "sha512-ZjQtYxm41FmHfYgpkdQG++EDcBPQWv9O6FfP6NndYRVaXaQZh6eq3sy7HQP8zCZ8dznKgy6ZyKECS8qdvnGHwA==",
      "requires": {
        "@ethersproject/bytes": "^5.0.4",
        "@ethersproject/hash": "^5.0.4",
        "@ethersproject/logger": "^5.0.5",
        "@ethersproject/properties": "^5.0.3",
        "@ethersproject/strings": "^5.0.4"
      }
    },
    "aes-js": {
      "version": "3.0.0",
      "resolved": "https://registry.npmjs.org/aes-js/-/aes-js-3.0.0.tgz",
      "integrity": "sha1-4h3xCtbCBTKVvLuNq0Cwnb6ofk0="
    },
    "axios": {
      "version": "0.21.0",
      "resolved": "https://registry.npmjs.org/axios/-/axios-0.21.0.tgz",
      "integrity": "sha512-fmkJBknJKoZwem3/IKSSLpkdNXZeBu5Q7GA/aRsr2btgrptmSCxi2oFjZHqGdK9DoTil9PIHlPIZw2EcRJXRvw==",
      "requires": {
        "follow-redirects": "^1.10.0"
      }
    },
    "bech32": {
      "version": "1.1.4",
      "resolved": "https://registry.npmjs.org/bech32/-/bech32-1.1.4.tgz",
      "integrity": "sha512-s0IrSOzLlbvX7yp4WBfPITzpAU8sqQcpsmwXDiKwrG4r491vwCO/XpejasRNl0piBMe/DvP4Tz0mIS/X1DPJBQ=="
    },
    "bn.js": {
      "version": "4.11.9",
      "resolved": "https://registry.npmjs.org/bn.js/-/bn.js-4.11.9.tgz",
      "integrity": "sha512-E6QoYqCKZfgatHTdHzs1RRKP7ip4vvm+EyRUeE2RF0NblwVvb0p6jSVeNTOFxPn26QXN2o6SMfNxKp6kU8zQaw=="
    },
    "brorand": {
      "version": "1.1.0",
      "resolved": "https://registry.npmjs.org/brorand/-/brorand-1.1.0.tgz",
      "integrity": "sha1-EsJe/kCkXjwyPrhnWgoM5XsiNx8="
    },
    "elliptic": {
      "version": "6.5.3",
      "resolved": "https://registry.npmjs.org/elliptic/-/elliptic-6.5.3.tgz",
      "integrity": "sha512-IMqzv5wNQf+E6aHeIqATs0tOLeOTwj1QKbRcS3jBbYkl5oLAserA8yJTT7/VyHUYG91PRmPyeQDObKLPpeS4dw==",
      "requires": {
        "bn.js": "^4.4.0",
        "brorand": "^1.0.1",
        "hash.js": "^1.0.0",
        "hmac-drbg": "^1.0.0",
        "inherits": "^2.0.1",
        "minimalistic-assert": "^1.0.0",
        "minimalistic-crypto-utils": "^1.0.0"
      }
    },
    "ethers": {
      "version": "5.0.24",
      "resolved": "https://registry.npmjs.org/ethers/-/ethers-5.0.24.tgz",
      "integrity": "sha512-77CEtVC88fJGEhxGXRvQqAEH6e2A+ZFiv2FBT6ikXndlty5sw6vMatAhg1v+w3CaaGZOf1CP81jl4Mc8Zrj08A==",
      "requires": {
        "@ethersproject/abi": "5.0.9",
        "@ethersproject/abstract-provider": "5.0.7",
        "@ethersproject/abstract-signer": "5.0.9",
        "@ethersproject/address": "5.0.8",
        "@ethersproject/base64": "5.0.6",
        "@ethersproject/basex": "5.0.6",
        "@ethersproject/bignumber": "5.0.12",
        "@ethersproject/bytes": "5.0.8",
        "@ethersproject/constants": "5.0.7",
        "@ethersproject/contracts": "5.0.8",
        "@ethersproject/hash": "5.0.9",
        "@ethersproject/hdnode": "5.0.7",
        "@ethersproject/json-wallets": "5.0.9",
        "@ethersproject/keccak256": "5.0.6",
        "@ethersproject/logger": "5.0.8",
        "@ethersproject/networks": "5.0.6",
        "@ethersproject/pbkdf2": "5.0.6",
        "@ethersproject/properties": "5.0.6",
        "@ethersproject/providers": "5.0.17",
        "@ethersproject/random": "5.0.6",
        "@ethersproject/rlp": "5.0.6",
        "@ethersproject/sha2": "5.0.6",
        "@ethersproject/signing-key": "5.0.7",
        "@ethersproject/solidity": "5.0.7",
        "@ethersproject/strings": "5.0.7",
        "@ethersproject/transactions": "5.0.8",
        "@ethersproject/units": "5.0.8",
        "@ethersproject/wallet": "5.0.9",
        "@ethersproject/web": "5.0.11",
        "@ethersproject/wordlists": "5.0.7"
      },
      "dependencies": {
        "@ethersproject/abi": {
          "version": "5.0.9",
          "resolved": "https://registry.npmjs.org/@ethersproject/abi/-/abi-5.0.9.tgz",
          "integrity": "sha512-ily2OufA2DTrxkiHQw5GqbkMSnNKuwZBqKsajtT0ERhZy1r9w2CpW1bmtRMIGzaqQxCdn/GEoFogexk72cBBZQ==",
          "requires": {
            "@ethersproject/address": "^5.0.4",
            "@ethersproject/bignumber": "^5.0.7",
            "@ethersproject/bytes": "^5.0.4",
            "@ethersproject/constants": "^5.0.4",
            "@ethersproject/hash": "^5.0.4",
            "@ethersproject/keccak256": "^5.0.3",
            "@ethersproject/logger": "^5.0.5",
            "@ethersproject/properties": "^5.0.3",
            "@ethersproject/strings": "^5.0.4"
          }
        }
      }
    },
    "follow-redirects": {
      "version": "1.13.0",
      "resolved": "https://registry.npmjs.org/follow-redirects/-/follow-redirects-1.13.0.tgz",
      "integrity": "sha512-aq6gF1BEKje4a9i9+5jimNFIpq4Q1WiwBToeRK5NvZBd/TRsmW8BsJfOEGkr76TbOyPVD3OVDN910EcUNtRYEA=="
    },
    "hash.js": {
      "version": "1.1.7",
      "resolved": "https://registry.npmjs.org/hash.js/-/hash.js-1.1.7.tgz",
      "integrity": "sha512-taOaskGt4z4SOANNseOviYDvjEJinIkRgmp7LbKP2YTTmVxWBl87s/uzK9r+44BclBSp2X7K1hqeNfz9JbBeXA==",
      "requires": {
        "inherits": "^2.0.3",
        "minimalistic-assert": "^1.0.1"
      }
    },
    "hmac-drbg": {
      "version": "1.0.1",
      "resolved": "https://registry.npmjs.org/hmac-drbg/-/hmac-drbg-1.0.1.tgz",
      "integrity": "sha1-0nRXAQJabHdabFRXk+1QL8DGSaE=",
      "requires": {
        "hash.js": "^1.0.3",
        "minimalistic-assert": "^1.0.0",
        "minimalistic-crypto-utils": "^1.0.1"
      }
    },
    "inherits": {
      "version": "2.0.4",
      "resolved": "https://registry.npmjs.org/inherits/-/inherits-2.0.4.tgz",
      "integrity": "sha512-k/vGaX4/Yla3WzyMCvTQOXYeIHvqOKtnqBduzTHpzpQZzAskKMhZ2K+EnBiSM9zGSoIFeMpXKxa4dYeZIQqewQ=="
    },
    "minimalistic-assert": {
      "version": "1.0.1",
      "resolved": "https://registry.npmjs.org/minimalistic-assert/-/minimalistic-assert-1.0.1.tgz",
      "integrity": "sha512-UtJcAD4yEaGtjPezWuO9wC4nwUnVH/8/Im3yEHQP4b67cXlD/Qr9hdITCU1xDbSEXg2XKNaP8jsReV7vQd00/A=="
    },
    "minimalistic-crypto-utils": {
      "version": "1.0.1",
      "resolved": "https://registry.npmjs.org/minimalistic-crypto-utils/-/minimalistic-crypto-utils-1.0.1.tgz",
      "integrity": "sha1-9sAMHAsIIkblxNmd+4x8CDsrWCo="
    },
    "scrypt-js": {
      "version": "3.0.1",
      "resolved": "https://registry.npmjs.org/scrypt-js/-/scrypt-js-3.0.1.tgz",
      "integrity": "sha512-cdwTTnqPu0Hyvf5in5asVdZocVDTNRmR7XEcJuIzMjJeSHybHl7vpB66AzwTaIg6CLSbtjcxc8fqcySfnTkccA=="
    }
  }
}
