{
  "name": "9-block-tracking-advanced",
  "version": "1.0.0",
  "lockfileVersion": 1,
  "requires": true,
  "dependencies": {
    "babel-plugin-transform-runtime": {
      "version": "6.23.0",
      "resolved": "https://registry.npmjs.org/babel-plugin-transform-runtime/-/babel-plugin-transform-runtime-6.23.0.tgz",
      "integrity": "sha1-iEkNRGUC6puOfvsP4J7E2ZR5se4=",
      "requires": {
        "babel-runtime": "^6.22.0"
      }
    },
    "babel-runtime": {
      "version": "6.26.0",
      "resolved": "https://registry.npmjs.org/babel-runtime/-/babel-runtime-6.26.0.tgz",
      "integrity": "sha1-llxwWGaOgrVde/4E/yM3vItWR/4=",
      "requires": {
        "core-js": "^2.4.0",
        "regenerator-runtime": "^0.11.0"
      }
    },
    "core-js": {
      "version": "2.6.9",
      "resolved": "https://registry.npmjs.org/core-js/-/core-js-2.6.9.tgz",
      "integrity": "sha512-HOpZf6eXmnl7la+cUdMnLvUxKNqLUzJvgIziQ0DiF3JwSImNphIqdGqzj6hIKyX04MmV0poclQ7+wjWvxQyR2A=="
    },
    "eth-block-tracker": {
      "version": "4.4.1",
      "resolved": "https://registry.npmjs.org/eth-block-tracker/-/eth-block-tracker-4.4.1.tgz",
      "integrity": "sha512-QSz9bizoV4JRRkdvSfQ/z6VimU90wXaGmFEZyRhbOwotVZSMTtI720UM+dr6byDNj+axtZ0DMX0jpj5Kkzx6WQ==",
      "requires": {
        "babel-plugin-transform-runtime": "^6.23.0",
        "eth-query": "^2.1.0",
        "json-rpc-random-id": "^1.0.1",
        "pify": "^3.0.0",
        "safe-event-emitter": "^1.0.1"
      }
    },
    "eth-query": {
      "version": "2.1.2",
      "resolved": "https://registry.npmjs.org/eth-query/-/eth-query-2.1.2.tgz",
      "integrity": "sha1-1nQdkAAQa1FRDHLbktY2VFam2l4=",
      "requires": {
        "json-rpc-random-id": "^1.0.0",
        "xtend": "^4.0.1"
      }
    },
    "ethjs-provider-http": {
      "version": "0.1.6",
      "resolved": "https://registry.npmjs.org/ethjs-provider-http/-/ethjs-provider-http-0.1.6.tgz",
      "integrity": "sha1-HsXZtL4lfvHValALIqdBmF6IlCA=",
      "requires": {
        "xhr2": "0.1.3"
      }
    },
    "events": {
      "version": "3.0.0",
      "resolved": "https://registry.npmjs.org/events/-/events-3.0.0.tgz",
      "integrity": "sha512-Dc381HFWJzEOhQ+d8pkNon++bk9h6cdAoAj4iE6Q4y6xgTzySWXlKn05/TVNpjnfRqi/X0EpJEJohPjNI3zpVA=="
    },
    "json-rpc-random-id": {
      "version": "1.0.1",
      "resolved": "https://registry.npmjs.org/json-rpc-random-id/-/json-rpc-random-id-1.0.1.tgz",
      "integrity": "sha1-uknZat7RRE27jaPSA3SKy7zeyMg="
    },
    "pify": {
      "version": "3.0.0",
      "resolved": "https://registry.npmjs.org/pify/-/pify-3.0.0.tgz",
      "integrity": "sha1-5aSs0sEB/fPZpNB/DbxNtJ3SgXY="
    },
    "regenerator-runtime": {
      "version": "0.11.1",
      "resolved": "https://registry.npmjs.org/regenerator-runtime/-/regenerator-runtime-0.11.1.tgz",
      "integrity": "sha512-MguG95oij0fC3QV3URf4V2SDYGJhJnJGqvIIgdECeODCT98wSWDAJ94SSuVpYQUoTcGUIL6L4yNB7j1DFFHSBg=="
    },
    "rxjs": {
      "version": "6.5.2",
      "resolved": "https://registry.npmjs.org/rxjs/-/rxjs-6.5.2.tgz",
      "integrity": "sha512-HUb7j3kvb7p7eCUHE3FqjoDsC1xfZQ4AHFWfTKSpZ+sAhhz5X1WX0ZuUqWbzB2QhSLp3DoLUG+hMdEDKqWo2Zg==",
      "requires": {
        "tslib": "^1.9.0"
      }
    },
    "safe-event-emitter": {
      "version": "1.0.1",
      "resolved": "https://registry.npmjs.org/safe-event-emitter/-/safe-event-emitter-1.0.1.tgz",
      "integrity": "sha512-e1wFe99A91XYYxoQbcq2ZJUWurxEyP8vfz7A7vuUe1s95q8r5ebraVaA1BukYJcpM6V16ugWoD9vngi8Ccu5fg==",
      "requires": {
        "events": "^3.0.0"
      }
    },
    "tslib": {
      "version": "1.10.0",
      "resolved": "https://registry.npmjs.org/tslib/-/tslib-1.10.0.tgz",
      "integrity": "sha512-qOebF53frne81cf0S9B41ByenJ3/IuH8yJKngAX35CmiZySA0khhkovshKK+jGCaMnVomla7gVlIcc3EvKPbTQ=="
    },
    "xhr2": {
      "version": "0.1.3",
      "resolved": "https://registry.npmjs.org/xhr2/-/xhr2-0.1.3.tgz",
      "integrity": "sha1-y/xHWaabSoiOeM9PILBRA4dXvRE="
    },
    "xtend": {
      "version": "4.0.1",
      "resolved": "https://registry.npmjs.org/xtend/-/xtend-4.0.1.tgz",
      "integrity": "sha1-pcbVMr5lbiPbgg77lDofBJmNY68="
    }
  }
}
