{
  "name": "drizzle-box",
  "version": "1.0.0",
  "lockfileVersion": 1,
  "requires": true,
  "dependencies": {
    "openzeppelin-solidity": {
      "version": "2.1.1",
      "resolved": "https://registry.npmjs.org/openzeppelin-solidity/-/openzeppelin-solidity-2.1.1.tgz",
      "integrity": "sha512-kvVI/2n3oYfVYP53rUw+q6QNPlorwYRFaGu/Zs+TWFw2tKlnrz7UXh0UTWYd3Sfbq6eOo4XXnGv4bgcKguOrWg=="
    }
  }
}
