{
  "name": "migrator",
  "version": "1.0.0",
  "lockfileVersion": 1,
  "requires": true,
  "dependencies": {
    "@openzeppelin/contracts": {
      "version": "3.2.0",
      "resolved": "https://registry.npmjs.org/@openzeppelin/contracts/-/contracts-3.2.0.tgz",
      "integrity": "sha512-bUOmkSoPkjnUyMiKo6RYnb0VHBk5D9KKDAgNLzF41aqAM3TeE0yGdFF5dVRcV60pZdJLlyFT/jjXIZCWyyEzAQ=="
    },
    "@uniswap/lib": {
      "version": "1.1.1",
      "resolved": "https://registry.npmjs.org/@uniswap/lib/-/lib-1.1.1.tgz",
      "integrity": "sha512-2yK7sLpKIT91TiS5sewHtOa7YuM8IuBXVl4GZv2jZFys4D2sY7K5vZh6MqD25TPA95Od+0YzCVq6cTF2IKrOmg=="
    },
    "@uniswap/v2-periphery": {
      "version": "1.1.0-beta.0",
      "resolved": "https://registry.npmjs.org/@uniswap/v2-periphery/-/v2-periphery-1.1.0-beta.0.tgz",
      "integrity": "sha512-6dkwAMKza8nzqYiXEr2D86dgW3TTavUvCR0w2Tu33bAbM8Ah43LKAzH7oKKPRT5VJQaMi1jtkGs1E8JPor1n5g==",
      "requires": {
        "@uniswap/lib": "1.1.1",
        "@uniswap/v2-core": "1.0.0"
      },
      "dependencies": {
        "@uniswap/v2-core": {
          "version": "1.0.0",
          "resolved": "https://registry.npmjs.org/@uniswap/v2-core/-/v2-core-1.0.0.tgz",
          "integrity": "sha512-BJiXrBGnN8mti7saW49MXwxDBRFiWemGetE58q8zgfnPPzQKq55ADltEILqOt6VFZ22kVeVKbF8gVd8aY3l7pA=="
        }
      }
    }
  }
}
