{
  "name": "periphery",
  "version": "1.0.0",
  "lockfileVersion": 1,
  "requires": true,
  "dependencies": {
    "@uniswap/lib": {
      "version": "1.1.4",
      "resolved": "https://registry.npmjs.org/@uniswap/lib/-/lib-1.1.4.tgz",
      "integrity": "sha512-5una/3a2dPzPN0moDBsa9LfTxCjZjEiLEkN75wjwplmDU4oFqneVAzVA3Heq+DadEk3k17cszAbSMcaIu7hLfg=="
    },
    "@uniswap/v2-core": {
      "version": "1.0.1",
      "resolved": "https://registry.npmjs.org/@uniswap/v2-core/-/v2-core-1.0.1.tgz",
      "integrity": "sha512-MtybtkUPSyysqLY2U210NBDeCHX+ltHt3oADGdjqoThZaFRDKwM6k1Nb3F0A3hk5hwuQvytFWhrWHOEq6nVJ8Q=="
    }
  }
}
