{
  "name": "drizzle-vue-trufflecon",
  "version": "1.0.0",
  "lockfileVersion": 1,
  "requires": true,
  "dependencies": {
    "openzeppelin-solidity": {
      "version": "2.3.0",
      "resolved": "http://localhost:9099/openzeppelin-solidity/-/openzeppelin-solidity-2.3.0.tgz",
      "integrity": "sha512-QYeiPLvB1oSbDt6lDQvvpx7k8ODczvE474hb2kLXZBPKMsxKT1WxTCHBYrCU7kS7hfAku4DcJ0jqOyL+jvjwQw=="
    }
  }
}
