{
  "name": "397-multicall",
  "version": "1.0.0",
  "lockfileVersion": 1,
  "requires": true,
  "dependencies": {
    "@ethersproject/abi": {
      "version": "5.4.0",
      "resolved": "https://registry.npmjs.org/@ethersproject/abi/-/abi-5.4.0.tgz",
      "integrity": "sha512-9gU2H+/yK1j2eVMdzm6xvHSnMxk8waIHQGYCZg5uvAyH0rsAzxkModzBSpbAkAuhKFEovC2S9hM4nPuLym8IZw==",
      "requires": {
        "@ethersproject/address": "^5.4.0",
        "@ethersproject/bignumber": "^5.4.0",
        "@ethersproject/bytes": "^5.4.0",
        "@ethersproject/constants": "^5.4.0",
        "@ethersproject/hash": "^5.4.0",
        "@ethersproject/keccak256": "^5.4.0",
        "@ethersproject/logger": "^5.4.0",
        "@ethersproject/properties": "^5.4.0",
        "@ethersproject/strings": "^5.4.0"
      }
    },
    "@ethersproject/abstract-provider": {
      "version": "5.4.1",
      "resolved": "https://registry.npmjs.org/@ethersproject/abstract-provider/-/abstract-provider-5.4.1.tgz",
      "integrity": "sha512-3EedfKI3LVpjSKgAxoUaI+gB27frKsxzm+r21w9G60Ugk+3wVLQwhi1LsEJAKNV7WoZc8CIpNrATlL1QFABjtQ==",
      "requires": {
        "@ethersproject/bignumber": "^5.4.0",
        "@ethersproject/bytes": "^5.4.0",
        "@ethersproject/logger": "^5.4.0",
        "@ethersproject/networks": "^5.4.0",
        "@ethersproject/properties": "^5.4.0",
        "@ethersproject/transactions": "^5.4.0",
        "@ethersproject/web": "^5.4.0"
      }
    },
    "@ethersproject/abstract-signer": {
      "version": "5.4.1",
      "resolved": "https://registry.npmjs.org/@ethersproject/abstract-signer/-/abstract-signer-5.4.1.tgz",
      "integrity": "sha512-SkkFL5HVq1k4/25dM+NWP9MILgohJCgGv5xT5AcRruGz4ILpfHeBtO/y6j+Z3UN/PAjDeb4P7E51Yh8wcGNLGA==",
      "requires": {
        "@ethersproject/abstract-provider": "^5.4.0",
        "@ethersproject/bignumber": "^5.4.0",
        "@ethersproject/bytes": "^5.4.0",
        "@ethersproject/logger": "^5.4.0",
        "@ethersproject/properties": "^5.4.0"
      }
    },
    "@ethersproject/address": {
      "version": "5.4.0",
      "resolved": "https://registry.npmjs.org/@ethersproject/address/-/address-5.4.0.tgz",
      "integrity": "sha512-SD0VgOEkcACEG/C6xavlU1Hy3m5DGSXW3CUHkaaEHbAPPsgi0coP5oNPsxau8eTlZOk/bpa/hKeCNoK5IzVI2Q==",
      "requires": {
        "@ethersproject/bignumber": "^5.4.0",
        "@ethersproject/bytes": "^5.4.0",
        "@ethersproject/keccak256": "^5.4.0",
        "@ethersproject/logger": "^5.4.0",
        "@ethersproject/rlp": "^5.4.0"
      }
    },
    "@ethersproject/base64": {
      "version": "5.4.0",
      "resolved": "https://registry.npmjs.org/@ethersproject/base64/-/base64-5.4.0.tgz",
      "integrity": "sha512-CjQw6E17QDSSC5jiM9YpF7N1aSCHmYGMt9bWD8PWv6YPMxjsys2/Q8xLrROKI3IWJ7sFfZ8B3flKDTM5wlWuZQ==",
      "requires": {
        "@ethersproject/bytes": "^5.4.0"
      }
    },
    "@ethersproject/basex": {
      "version": "5.4.0",
      "resolved": "https://registry.npmjs.org/@ethersproject/basex/-/basex-5.4.0.tgz",
      "integrity": "sha512-J07+QCVJ7np2bcpxydFVf/CuYo9mZ7T73Pe7KQY4c1lRlrixMeblauMxHXD0MPwFmUHZIILDNViVkykFBZylbg==",
      "requires": {
        "@ethersproject/bytes": "^5.4.0",
        "@ethersproject/properties": "^5.4.0"
      }
    },
    "@ethersproject/bignumber": {
      "version": "5.4.1",
      "resolved": "https://registry.npmjs.org/@ethersproject/bignumber/-/bignumber-5.4.1.tgz",
      "integrity": "sha512-fJhdxqoQNuDOk6epfM7yD6J8Pol4NUCy1vkaGAkuujZm0+lNow//MKu1hLhRiYV4BsOHyBv5/lsTjF+7hWwhJg==",
      "requires": {
        "@ethersproject/bytes": "^5.4.0",
        "@ethersproject/logger": "^5.4.0",
        "bn.js": "^4.11.9"
      }
    },
    "@ethersproject/bytes": {
      "version": "5.4.0",
      "resolved": "https://registry.npmjs.org/@ethersproject/bytes/-/bytes-5.4.0.tgz",
      "integrity": "sha512-H60ceqgTHbhzOj4uRc/83SCN9d+BSUnOkrr2intevqdtEMO1JFVZ1XL84OEZV+QjV36OaZYxtnt4lGmxcGsPfA==",
      "requires": {
        "@ethersproject/logger": "^5.4.0"
      }
    },
    "@ethersproject/constants": {
      "version": "5.4.0",
      "resolved": "https://registry.npmjs.org/@ethersproject/constants/-/constants-5.4.0.tgz",
      "integrity": "sha512-tzjn6S7sj9+DIIeKTJLjK9WGN2Tj0P++Z8ONEIlZjyoTkBuODN+0VfhAyYksKi43l1Sx9tX2VlFfzjfmr5Wl3Q==",
      "requires": {
        "@ethersproject/bignumber": "^5.4.0"
      }
    },
    "@ethersproject/contracts": {
      "version": "5.4.1",
      "resolved": "https://registry.npmjs.org/@ethersproject/contracts/-/contracts-5.4.1.tgz",
      "integrity": "sha512-m+z2ZgPy4pyR15Je//dUaymRUZq5MtDajF6GwFbGAVmKz/RF+DNIPwF0k5qEcL3wPGVqUjFg2/krlCRVTU4T5w==",
      "requires": {
        "@ethersproject/abi": "^5.4.0",
        "@ethersproject/abstract-provider": "^5.4.0",
        "@ethersproject/abstract-signer": "^5.4.0",
        "@ethersproject/address": "^5.4.0",
        "@ethersproject/bignumber": "^5.4.0",
        "@ethersproject/bytes": "^5.4.0",
        "@ethersproject/constants": "^5.4.0",
        "@ethersproject/logger": "^5.4.0",
        "@ethersproject/properties": "^5.4.0",
        "@ethersproject/transactions": "^5.4.0"
      }
    },
    "@ethersproject/hash": {
      "version": "5.4.0",
      "resolved": "https://registry.npmjs.org/@ethersproject/hash/-/hash-5.4.0.tgz",
      "integrity": "sha512-xymAM9tmikKgbktOCjW60Z5sdouiIIurkZUr9oW5NOex5uwxrbsYG09kb5bMcNjlVeJD3yPivTNzViIs1GCbqA==",
      "requires": {
        "@ethersproject/abstract-signer": "^5.4.0",
        "@ethersproject/address": "^5.4.0",
        "@ethersproject/bignumber": "^5.4.0",
        "@ethersproject/bytes": "^5.4.0",
        "@ethersproject/keccak256": "^5.4.0",
        "@ethersproject/logger": "^5.4.0",
        "@ethersproject/properties": "^5.4.0",
        "@ethersproject/strings": "^5.4.0"
      }
    },
    "@ethersproject/hdnode": {
      "version": "5.4.0",
      "resolved": "https://registry.npmjs.org/@ethersproject/hdnode/-/hdnode-5.4.0.tgz",
      "integrity": "sha512-pKxdS0KAaeVGfZPp1KOiDLB0jba11tG6OP1u11QnYfb7pXn6IZx0xceqWRr6ygke8+Kw74IpOoSi7/DwANhy8Q==",
      "requires": {
        "@ethersproject/abstract-signer": "^5.4.0",
        "@ethersproject/basex": "^5.4.0",
        "@ethersproject/bignumber": "^5.4.0",
        "@ethersproject/bytes": "^5.4.0",
        "@ethersproject/logger": "^5.4.0",
        "@ethersproject/pbkdf2": "^5.4.0",
        "@ethersproject/properties": "^5.4.0",
        "@ethersproject/sha2": "^5.4.0",
        "@ethersproject/signing-key": "^5.4.0",
        "@ethersproject/strings": "^5.4.0",
        "@ethersproject/transactions": "^5.4.0",
        "@ethersproject/wordlists": "^5.4.0"
      }
    },
    "@ethersproject/json-wallets": {
      "version": "5.4.0",
      "resolved": "https://registry.npmjs.org/@ethersproject/json-wallets/-/json-wallets-5.4.0.tgz",
      "integrity": "sha512-igWcu3fx4aiczrzEHwG1xJZo9l1cFfQOWzTqwRw/xcvxTk58q4f9M7cjh51EKphMHvrJtcezJ1gf1q1AUOfEQQ==",
      "requires": {
        "@ethersproject/abstract-signer": "^5.4.0",
        "@ethersproject/address": "^5.4.0",
        "@ethersproject/bytes": "^5.4.0",
        "@ethersproject/hdnode": "^5.4.0",
        "@ethersproject/keccak256": "^5.4.0",
        "@ethersproject/logger": "^5.4.0",
        "@ethersproject/pbkdf2": "^5.4.0",
        "@ethersproject/properties": "^5.4.0",
        "@ethersproject/random": "^5.4.0",
        "@ethersproject/strings": "^5.4.0",
        "@ethersproject/transactions": "^5.4.0",
        "aes-js": "3.0.0",
        "scrypt-js": "3.0.1"
      }
    },
    "@ethersproject/keccak256": {
      "version": "5.4.0",
      "resolved": "https://registry.npmjs.org/@ethersproject/keccak256/-/keccak256-5.4.0.tgz",
      "integrity": "sha512-FBI1plWet+dPUvAzPAeHzRKiPpETQzqSUWR1wXJGHVWi4i8bOSrpC3NwpkPjgeXG7MnugVc1B42VbfnQikyC/A==",
      "requires": {
        "@ethersproject/bytes": "^5.4.0",
        "js-sha3": "0.5.7"
      }
    },
    "@ethersproject/logger": {
      "version": "5.4.0",
      "resolved": "https://registry.npmjs.org/@ethersproject/logger/-/logger-5.4.0.tgz",
      "integrity": "sha512-xYdWGGQ9P2cxBayt64d8LC8aPFJk6yWCawQi/4eJ4+oJdMMjEBMrIcIMZ9AxhwpPVmnBPrsB10PcXGmGAqgUEQ=="
    },
    "@ethersproject/networks": {
      "version": "5.4.2",
      "resolved": "https://registry.npmjs.org/@ethersproject/networks/-/networks-5.4.2.tgz",
      "integrity": "sha512-eekOhvJyBnuibfJnhtK46b8HimBc5+4gqpvd1/H9LEl7Q7/qhsIhM81dI9Fcnjpk3jB1aTy6bj0hz3cifhNeYw==",
      "requires": {
        "@ethersproject/logger": "^5.4.0"
      }
    },
    "@ethersproject/pbkdf2": {
      "version": "5.4.0",
      "resolved": "https://registry.npmjs.org/@ethersproject/pbkdf2/-/pbkdf2-5.4.0.tgz",
      "integrity": "sha512-x94aIv6tiA04g6BnazZSLoRXqyusawRyZWlUhKip2jvoLpzJuLb//KtMM6PEovE47pMbW+Qe1uw+68ameJjB7g==",
      "requires": {
        "@ethersproject/bytes": "^5.4.0",
        "@ethersproject/sha2": "^5.4.0"
      }
    },
    "@ethersproject/properties": {
      "version": "5.4.0",
      "resolved": "https://registry.npmjs.org/@ethersproject/properties/-/properties-5.4.0.tgz",
      "integrity": "sha512-7jczalGVRAJ+XSRvNA6D5sAwT4gavLq3OXPuV/74o3Rd2wuzSL035IMpIMgei4CYyBdialJMrTqkOnzccLHn4A==",
      "requires": {
        "@ethersproject/logger": "^5.4.0"
      }
    },
    "@ethersproject/providers": {
      "version": "5.4.4",
      "resolved": "https://registry.npmjs.org/@ethersproject/providers/-/providers-5.4.4.tgz",
      "integrity": "sha512-mQevyXj2X2D3l8p/JGDYFZbODhZjW6On15DnCK4Xc9y6b+P0vqorQC/j46omWSm4cyo7BQ/rgfhXNYmvAfyZoQ==",
      "requires": {
        "@ethersproject/abstract-provider": "^5.4.0",
        "@ethersproject/abstract-signer": "^5.4.0",
        "@ethersproject/address": "^5.4.0",
        "@ethersproject/basex": "^5.4.0",
        "@ethersproject/bignumber": "^5.4.0",
        "@ethersproject/bytes": "^5.4.0",
        "@ethersproject/constants": "^5.4.0",
        "@ethersproject/hash": "^5.4.0",
        "@ethersproject/logger": "^5.4.0",
        "@ethersproject/networks": "^5.4.0",
        "@ethersproject/properties": "^5.4.0",
        "@ethersproject/random": "^5.4.0",
        "@ethersproject/rlp": "^5.4.0",
        "@ethersproject/sha2": "^5.4.0",
        "@ethersproject/strings": "^5.4.0",
        "@ethersproject/transactions": "^5.4.0",
        "@ethersproject/web": "^5.4.0",
        "bech32": "1.1.4",
        "ws": "7.4.6"
      }
    },
    "@ethersproject/random": {
      "version": "5.4.0",
      "resolved": "https://registry.npmjs.org/@ethersproject/random/-/random-5.4.0.tgz",
      "integrity": "sha512-pnpWNQlf0VAZDEOVp1rsYQosmv2o0ITS/PecNw+mS2/btF8eYdspkN0vIXrCMtkX09EAh9bdk8GoXmFXM1eAKw==",
      "requires": {
        "@ethersproject/bytes": "^5.4.0",
        "@ethersproject/logger": "^5.4.0"
      }
    },
    "@ethersproject/rlp": {
      "version": "5.4.0",
      "resolved": "https://registry.npmjs.org/@ethersproject/rlp/-/rlp-5.4.0.tgz",
      "integrity": "sha512-0I7MZKfi+T5+G8atId9QaQKHRvvasM/kqLyAH4XxBCBchAooH2EX5rL9kYZWwcm3awYV+XC7VF6nLhfeQFKVPg==",
      "requires": {
        "@ethersproject/bytes": "^5.4.0",
        "@ethersproject/logger": "^5.4.0"
      }
    },
    "@ethersproject/sha2": {
      "version": "5.4.0",
      "resolved": "https://registry.npmjs.org/@ethersproject/sha2/-/sha2-5.4.0.tgz",
      "integrity": "sha512-siheo36r1WD7Cy+bDdE1BJ8y0bDtqXCOxRMzPa4bV1TGt/eTUUt03BHoJNB6reWJD8A30E/pdJ8WFkq+/uz4Gg==",
      "requires": {
        "@ethersproject/bytes": "^5.4.0",
        "@ethersproject/logger": "^5.4.0",
        "hash.js": "1.1.7"
      }
    },
    "@ethersproject/signing-key": {
      "version": "5.4.0",
      "resolved": "https://registry.npmjs.org/@ethersproject/signing-key/-/signing-key-5.4.0.tgz",
      "integrity": "sha512-q8POUeywx6AKg2/jX9qBYZIAmKSB4ubGXdQ88l40hmATj29JnG5pp331nAWwwxPn2Qao4JpWHNZsQN+bPiSW9A==",
      "requires": {
        "@ethersproject/bytes": "^5.4.0",
        "@ethersproject/logger": "^5.4.0",
        "@ethersproject/properties": "^5.4.0",
        "bn.js": "^4.11.9",
        "elliptic": "6.5.4",
        "hash.js": "1.1.7"
      }
    },
    "@ethersproject/solidity": {
      "version": "5.4.0",
      "resolved": "https://registry.npmjs.org/@ethersproject/solidity/-/solidity-5.4.0.tgz",
      "integrity": "sha512-XFQTZ7wFSHOhHcV1DpcWj7VXECEiSrBuv7JErJvB9Uo+KfCdc3QtUZV+Vjh/AAaYgezUEKbCtE6Khjm44seevQ==",
      "requires": {
        "@ethersproject/bignumber": "^5.4.0",
        "@ethersproject/bytes": "^5.4.0",
        "@ethersproject/keccak256": "^5.4.0",
        "@ethersproject/sha2": "^5.4.0",
        "@ethersproject/strings": "^5.4.0"
      }
    },
    "@ethersproject/strings": {
      "version": "5.4.0",
      "resolved": "https://registry.npmjs.org/@ethersproject/strings/-/strings-5.4.0.tgz",
      "integrity": "sha512-k/9DkH5UGDhv7aReXLluFG5ExurwtIpUfnDNhQA29w896Dw3i4uDTz01Quaptbks1Uj9kI8wo9tmW73wcIEaWA==",
      "requires": {
        "@ethersproject/bytes": "^5.4.0",
        "@ethersproject/constants": "^5.4.0",
        "@ethersproject/logger": "^5.4.0"
      }
    },
    "@ethersproject/transactions": {
      "version": "5.4.0",
      "resolved": "https://registry.npmjs.org/@ethersproject/transactions/-/transactions-5.4.0.tgz",
      "integrity": "sha512-s3EjZZt7xa4BkLknJZ98QGoIza94rVjaEed0rzZ/jB9WrIuu/1+tjvYCWzVrystXtDswy7TPBeIepyXwSYa4WQ==",
      "requires": {
        "@ethersproject/address": "^5.4.0",
        "@ethersproject/bignumber": "^5.4.0",
        "@ethersproject/bytes": "^5.4.0",
        "@ethersproject/constants": "^5.4.0",
        "@ethersproject/keccak256": "^5.4.0",
        "@ethersproject/logger": "^5.4.0",
        "@ethersproject/properties": "^5.4.0",
        "@ethersproject/rlp": "^5.4.0",
        "@ethersproject/signing-key": "^5.4.0"
      }
    },
    "@ethersproject/units": {
      "version": "5.4.0",
      "resolved": "https://registry.npmjs.org/@ethersproject/units/-/units-5.4.0.tgz",
      "integrity": "sha512-Z88krX40KCp+JqPCP5oPv5p750g+uU6gopDYRTBGcDvOASh6qhiEYCRatuM/suC4S2XW9Zz90QI35MfSrTIaFg==",
      "requires": {
        "@ethersproject/bignumber": "^5.4.0",
        "@ethersproject/constants": "^5.4.0",
        "@ethersproject/logger": "^5.4.0"
      }
    },
    "@ethersproject/wallet": {
      "version": "5.4.0",
      "resolved": "https://registry.npmjs.org/@ethersproject/wallet/-/wallet-5.4.0.tgz",
      "integrity": "sha512-wU29majLjM6AjCjpat21mPPviG+EpK7wY1+jzKD0fg3ui5fgedf2zEu1RDgpfIMsfn8fJHJuzM4zXZ2+hSHaSQ==",
      "requires": {
        "@ethersproject/abstract-provider": "^5.4.0",
        "@ethersproject/abstract-signer": "^5.4.0",
        "@ethersproject/address": "^5.4.0",
        "@ethersproject/bignumber": "^5.4.0",
        "@ethersproject/bytes": "^5.4.0",
        "@ethersproject/hash": "^5.4.0",
        "@ethersproject/hdnode": "^5.4.0",
        "@ethersproject/json-wallets": "^5.4.0",
        "@ethersproject/keccak256": "^5.4.0",
        "@ethersproject/logger": "^5.4.0",
        "@ethersproject/properties": "^5.4.0",
        "@ethersproject/random": "^5.4.0",
        "@ethersproject/signing-key": "^5.4.0",
        "@ethersproject/transactions": "^5.4.0",
        "@ethersproject/wordlists": "^5.4.0"
      }
    },
    "@ethersproject/web": {
      "version": "5.4.0",
      "resolved": "https://registry.npmjs.org/@ethersproject/web/-/web-5.4.0.tgz",
      "integrity": "sha512-1bUusGmcoRLYgMn6c1BLk1tOKUIFuTg8j+6N8lYlbMpDesnle+i3pGSagGNvwjaiLo4Y5gBibwctpPRmjrh4Og==",
      "requires": {
        "@ethersproject/base64": "^5.4.0",
        "@ethersproject/bytes": "^5.4.0",
        "@ethersproject/logger": "^5.4.0",
        "@ethersproject/properties": "^5.4.0",
        "@ethersproject/strings": "^5.4.0"
      }
    },
    "@ethersproject/wordlists": {
      "version": "5.4.0",
      "resolved": "https://registry.npmjs.org/@ethersproject/wordlists/-/wordlists-5.4.0.tgz",
      "integrity": "sha512-FemEkf6a+EBKEPxlzeVgUaVSodU7G0Na89jqKjmWMlDB0tomoU8RlEMgUvXyqtrg8N4cwpLh8nyRnm1Nay1isA==",
      "requires": {
        "@ethersproject/bytes": "^5.4.0",
        "@ethersproject/hash": "^5.4.0",
        "@ethersproject/logger": "^5.4.0",
        "@ethersproject/properties": "^5.4.0",
        "@ethersproject/strings": "^5.4.0"
      }
    },
    "@indexed-finance/multicall": {
      "version": "2.0.0",
      "resolved": "https://registry.npmjs.org/@indexed-finance/multicall/-/multicall-2.0.0.tgz",
      "integrity": "sha512-UgwW+XfLvjjswWc4OWAK8xtSZcW4BEaIA14bebE5JePt2b35gab9W72MKrrL0Wp5hGvAtuaQXbPHgOFuKcqR4g=="
    },
    "@openzeppelin/contracts": {
      "version": "4.3.0",
      "resolved": "https://registry.npmjs.org/@openzeppelin/contracts/-/contracts-4.3.0.tgz",
      "integrity": "sha512-+uBDl/TrmR0Kch6mq3tuxMex/fK7huR6+fQMae+zJk1K5T+dp0pFl12Hbc+1L6oYMXoyDSBJ8zqhRIntrREDFA=="
    },
    "aes-js": {
      "version": "3.0.0",
      "resolved": "https://registry.npmjs.org/aes-js/-/aes-js-3.0.0.tgz",
      "integrity": "sha1-4h3xCtbCBTKVvLuNq0Cwnb6ofk0="
    },
    "bech32": {
      "version": "1.1.4",
      "resolved": "https://registry.npmjs.org/bech32/-/bech32-1.1.4.tgz",
      "integrity": "sha512-s0IrSOzLlbvX7yp4WBfPITzpAU8sqQcpsmwXDiKwrG4r491vwCO/XpejasRNl0piBMe/DvP4Tz0mIS/X1DPJBQ=="
    },
    "bn.js": {
      "version": "4.12.0",
      "resolved": "https://registry.npmjs.org/bn.js/-/bn.js-4.12.0.tgz",
      "integrity": "sha512-c98Bf3tPniI+scsdk237ku1Dc3ujXQTSgyiPUDEOe7tRkhrqridvh8klBv0HCEso1OLOYcHuCv/cS6DNxKH+ZA=="
    },
    "brorand": {
      "version": "1.1.0",
      "resolved": "https://registry.npmjs.org/brorand/-/brorand-1.1.0.tgz",
      "integrity": "sha1-EsJe/kCkXjwyPrhnWgoM5XsiNx8="
    },
    "elliptic": {
      "version": "6.5.4",
      "resolved": "https://registry.npmjs.org/elliptic/-/elliptic-6.5.4.tgz",
      "integrity": "sha512-iLhC6ULemrljPZb+QutR5TQGB+pdW6KGD5RSegS+8sorOZT+rdQFbsQFJgvN3eRqNALqJer4oQ16YvJHlU8hzQ==",
      "requires": {
        "bn.js": "^4.11.9",
        "brorand": "^1.1.0",
        "hash.js": "^1.0.0",
        "hmac-drbg": "^1.0.1",
        "inherits": "^2.0.4",
        "minimalistic-assert": "^1.0.1",
        "minimalistic-crypto-utils": "^1.0.1"
      }
    },
    "ethers": {
      "version": "5.4.5",
      "resolved": "https://registry.npmjs.org/ethers/-/ethers-5.4.5.tgz",
      "integrity": "sha512-PPZ6flOAj230sXEWf/r/It6ZZ5c7EOVWx+PU87Glkbg79OtT7pLE1WgL4MRdwx6iF7HzSOvUUI+8cAmcdzo12w==",
      "requires": {
        "@ethersproject/abi": "5.4.0",
        "@ethersproject/abstract-provider": "5.4.1",
        "@ethersproject/abstract-signer": "5.4.1",
        "@ethersproject/address": "5.4.0",
        "@ethersproject/base64": "5.4.0",
        "@ethersproject/basex": "5.4.0",
        "@ethersproject/bignumber": "5.4.1",
        "@ethersproject/bytes": "5.4.0",
        "@ethersproject/constants": "5.4.0",
        "@ethersproject/contracts": "5.4.1",
        "@ethersproject/hash": "5.4.0",
        "@ethersproject/hdnode": "5.4.0",
        "@ethersproject/json-wallets": "5.4.0",
        "@ethersproject/keccak256": "5.4.0",
        "@ethersproject/logger": "5.4.0",
        "@ethersproject/networks": "5.4.2",
        "@ethersproject/pbkdf2": "5.4.0",
        "@ethersproject/properties": "5.4.0",
        "@ethersproject/providers": "5.4.4",
        "@ethersproject/random": "5.4.0",
        "@ethersproject/rlp": "5.4.0",
        "@ethersproject/sha2": "5.4.0",
        "@ethersproject/signing-key": "5.4.0",
        "@ethersproject/solidity": "5.4.0",
        "@ethersproject/strings": "5.4.0",
        "@ethersproject/transactions": "5.4.0",
        "@ethersproject/units": "5.4.0",
        "@ethersproject/wallet": "5.4.0",
        "@ethersproject/web": "5.4.0",
        "@ethersproject/wordlists": "5.4.0"
      }
    },
    "hash.js": {
      "version": "1.1.7",
      "resolved": "https://registry.npmjs.org/hash.js/-/hash.js-1.1.7.tgz",
      "integrity": "sha512-taOaskGt4z4SOANNseOviYDvjEJinIkRgmp7LbKP2YTTmVxWBl87s/uzK9r+44BclBSp2X7K1hqeNfz9JbBeXA==",
      "requires": {
        "inherits": "^2.0.3",
        "minimalistic-assert": "^1.0.1"
      }
    },
    "hmac-drbg": {
      "version": "1.0.1",
      "resolved": "https://registry.npmjs.org/hmac-drbg/-/hmac-drbg-1.0.1.tgz",
      "integrity": "sha1-0nRXAQJabHdabFRXk+1QL8DGSaE=",
      "requires": {
        "hash.js": "^1.0.3",
        "minimalistic-assert": "^1.0.0",
        "minimalistic-crypto-utils": "^1.0.1"
      }
    },
    "inherits": {
      "version": "2.0.4",
      "resolved": "https://registry.npmjs.org/inherits/-/inherits-2.0.4.tgz",
      "integrity": "sha512-k/vGaX4/Yla3WzyMCvTQOXYeIHvqOKtnqBduzTHpzpQZzAskKMhZ2K+EnBiSM9zGSoIFeMpXKxa4dYeZIQqewQ=="
    },
    "js-sha3": {
      "version": "0.5.7",
      "resolved": "https://registry.npmjs.org/js-sha3/-/js-sha3-0.5.7.tgz",
      "integrity": "sha1-DU/9gALVMzqrr0oj7tL2N0yfKOc="
    },
    "minimalistic-assert": {
      "version": "1.0.1",
      "resolved": "https://registry.npmjs.org/minimalistic-assert/-/minimalistic-assert-1.0.1.tgz",
      "integrity": "sha512-UtJcAD4yEaGtjPezWuO9wC4nwUnVH/8/Im3yEHQP4b67cXlD/Qr9hdITCU1xDbSEXg2XKNaP8jsReV7vQd00/A=="
    },
    "minimalistic-crypto-utils": {
      "version": "1.0.1",
      "resolved": "https://registry.npmjs.org/minimalistic-crypto-utils/-/minimalistic-crypto-utils-1.0.1.tgz",
      "integrity": "sha1-9sAMHAsIIkblxNmd+4x8CDsrWCo="
    },
    "scrypt-js": {
      "version": "3.0.1",
      "resolved": "https://registry.npmjs.org/scrypt-js/-/scrypt-js-3.0.1.tgz",
      "integrity": "sha512-cdwTTnqPu0Hyvf5in5asVdZocVDTNRmR7XEcJuIzMjJeSHybHl7vpB66AzwTaIg6CLSbtjcxc8fqcySfnTkccA=="
    },
    "ws": {
      "version": "7.4.6",
      "resolved": "https://registry.npmjs.org/ws/-/ws-7.4.6.tgz",
      "integrity": "sha512-YmhHDO4MzaDLB+M9ym/mDA5z0naX8j7SIlT8f8z+I0VtzsRbekxEutHSme7NPS2qE8StCYQNUnfWdXta/Yu85A=="
    }
  }
}
