{
  "requires": true,
  "lockfileVersion": 1,
  "dependencies": {
    "@openzeppelin/contracts": {
      "version": "3.4.0",
      "resolved": "https://registry.npmjs.org/@openzeppelin/contracts/-/contracts-3.4.0.tgz",
      "integrity": "sha512-qh+EiHWzfY/9CORr+eRUkeEUP1WiFUcq3974bLHwyYzLBUtK6HPaMkIUHi74S1rDTZ0sNz42DwPc5A4IJvN3rg=="
    }
  }
}
