{
  "name": "218-money-legos",
  "version": "1.0.0",
  "lockfileVersion": 1,
  "requires": true,
  "dependencies": {
    "@openzeppelin/contracts": {
      "version": "2.5.1",
      "resolved": "https://registry.npmjs.org/@openzeppelin/contracts/-/contracts-2.5.1.tgz",
      "integrity": "sha512-qIy6tLx8rtybEsIOAlrM4J/85s2q2nPkDqj/Rx46VakBZ0LwtFhXIVub96LXHczQX0vaqmAueDqNPXtbSXSaYQ=="
    },
    "@studydefi/money-legos": {
      "version": "2.3.7",
      "resolved": "https://registry.npmjs.org/@studydefi/money-legos/-/money-legos-2.3.7.tgz",
      "integrity": "sha512-u3JfqGAOKcEqozLSZWb7tP2yGBKr+qOxuMZXW6pBYAyPDoJybbtOO1B0OQJkOf8xThhWBDZtRJOpH4ZkZC0coQ==",
      "requires": {
        "@openzeppelin/contracts": "^2.5.0"
      }
    }
  }
}
