{
  "name": "394-nft-airdrop",
  "version": "1.0.0",
  "lockfileVersion": 1,
  "requires": true,
  "dependencies": {
    "@openzeppelin/contracts": {
      "version": "4.3.1",
      "resolved": "https://registry.npmjs.org/@openzeppelin/contracts/-/contracts-4.3.1.tgz",
      "integrity": "sha512-QjgbPPlmDK2clK1hzjw2ROfY8KA5q+PfhDUUxZFEBCZP9fi6d5FuNoh/Uq0oCTMEKPmue69vhX2jcl0N/tFKGw=="
    }
  }
}
