{
  "name": "end",
  "version": "1.0.0",
  "lockfileVersion": 1,
  "requires": true,
  "dependencies": {
    "@openzeppelin/contracts": {
      "version": "3.0.0-beta.0",
      "resolved": "https://registry.npmjs.org/@openzeppelin/contracts/-/contracts-3.0.0-beta.0.tgz",
      "integrity": "sha512-UDYQdvSDjXcnHXBs3QVVoPY2nxpr56cRPN2jo1ahjPsalilr5LPGlCW85zkoHx6AInqm4ZdGnbspgBS5/DvzDw=="
    }
  }
}
